
Microsoft Visual Studio Solution File, Format Version 12.00
# Visual Studio Version 16
VisualStudioVersion = 16.0.31515.178
MinimumVisualStudioVersion = 10.0.40219.1
Project("{8BC9CEB8-8B4A-11D0-8D11-00A0C91BC942}") = "ClassWork", "ClassWork\ClassWork.vcxproj", "{C37461AB-C49F-47AB-B12B-A692C957F3DE}"
EndProject
Project("{2150E333-8FDC-42A3-9474-1A3956D46DE8}") = "2nd October", "2nd October", "{7F2043ED-2CE5-4B87-AE17-C136DE20DFA1}"
EndProject
Project("{8BC9CEB8-8B4A-11D0-8D11-00A0C91BC942}") = "IntDevide", "IntDevide\IntDevide.vcxproj", "{C95D4394-85B6-4B21-A2E1-9289BC0C9F3A}"
EndProject
Project("{8BC9CEB8-8B4A-11D0-8D11-00A0C91BC942}") = "ConstantNums", "ConstantNums\ConstantNums.vcxproj", "{50E13FC8-519B-494C-AFFC-31E9697BD48C}"
EndProject
Project("{8BC9CEB8-8B4A-11D0-8D11-00A0C91BC942}") = "ModulOfNum", "ModulOfNum\ModulOfNum.vcxproj", "{DCD77277-6E06-40CE-9B48-189EBDF46AE5}"
EndProject
Project("{8BC9CEB8-8B4A-11D0-8D11-00A0C91BC942}") = "SCircle", "SCircle\SCircle.vcxproj", "{BE83B2A4-EBFD-4CA8-B9C5-518D8F3D2756}"
EndProject
Project("{8BC9CEB8-8B4A-11D0-8D11-00A0C91BC942}") = "SinOfNum", "SinOfNum\SinOfNum.vcxproj", "{56DB0BAA-9156-4130-A13D-4E429E138E71}"
EndProject
Project("{2150E333-8FDC-42A3-9474-1A3956D46DE8}") = "9th October", "9th October", "{47299790-22B5-43BB-B678-2BEE33A555AE}"
EndProject
Project("{8BC9CEB8-8B4A-11D0-8D11-00A0C91BC942}") = "POfRectangleWithSandB", "POfRectangleWithSandB\POfRectangleWithSandB.vcxproj", "{FE7D5995-DADD-461F-866C-637888545B1E}"
EndProject
Project("{8BC9CEB8-8B4A-11D0-8D11-00A0C91BC942}") = "ChickensAndEggs", "ChickensAndEggs\ChickensAndEggs.vcxproj", "{80253E36-D497-418D-844A-2888721D184F}"
EndProject
Project("{8BC9CEB8-8B4A-11D0-8D11-00A0C91BC942}") = "NumOfFailsInLetter", "NumOfFailsInLetter\NumOfFailsInLetter.vcxproj", "{15428BF7-5F82-4EFB-8BC5-BCFFEDC81E3D}"
EndProject
Project("{2150E333-8FDC-42A3-9474-1A3956D46DE8}") = "16th October", "16th October", "{1C719671-475F-4F14-B425-25106F8F871B}"
EndProject
Project("{8BC9CEB8-8B4A-11D0-8D11-00A0C91BC942}") = "FractionalNum", "FractionalNum\FractionalNum.vcxproj", "{57B027C7-A343-4C6F-9894-4BCE969CC767}"
EndProject
Project("{8BC9CEB8-8B4A-11D0-8D11-00A0C91BC942}") = "IfClause", "IfClause\IfClause.vcxproj", "{F3C94BCB-0C03-4D0F-8F49-C37A038A8BBD}"
EndProject
Project("{8BC9CEB8-8B4A-11D0-8D11-00A0C91BC942}") = "MaxNum", "MaxNum\MaxNum.vcxproj", "{AFD3743A-DA6F-42BF-A6C5-1C62EC3C0555}"
EndProject
Project("{8BC9CEB8-8B4A-11D0-8D11-00A0C91BC942}") = "SumOfUint", "SumOfUint\SumOfUint.vcxproj", "{CF2C4E83-2008-4B01-9CDE-4F46EBD77E30}"
EndProject
Global
	GlobalSection(SolutionConfigurationPlatforms) = preSolution
		Debug|x64 = Debug|x64
		Debug|x86 = Debug|x86
		Release|x64 = Release|x64
		Release|x86 = Release|x86
	EndGlobalSection
	GlobalSection(ProjectConfigurationPlatforms) = postSolution
		{C37461AB-C49F-47AB-B12B-A692C957F3DE}.Debug|x64.ActiveCfg = Debug|x64
		{C37461AB-C49F-47AB-B12B-A692C957F3DE}.Debug|x64.Build.0 = Debug|x64
		{C37461AB-C49F-47AB-B12B-A692C957F3DE}.Debug|x86.ActiveCfg = Debug|Win32
		{C37461AB-C49F-47AB-B12B-A692C957F3DE}.Debug|x86.Build.0 = Debug|Win32
		{C37461AB-C49F-47AB-B12B-A692C957F3DE}.Release|x64.ActiveCfg = Release|x64
		{C37461AB-C49F-47AB-B12B-A692C957F3DE}.Release|x64.Build.0 = Release|x64
		{C37461AB-C49F-47AB-B12B-A692C957F3DE}.Release|x86.ActiveCfg = Release|Win32
		{C37461AB-C49F-47AB-B12B-A692C957F3DE}.Release|x86.Build.0 = Release|Win32
		{C95D4394-85B6-4B21-A2E1-9289BC0C9F3A}.Debug|x64.ActiveCfg = Debug|x64
		{C95D4394-85B6-4B21-A2E1-9289BC0C9F3A}.Debug|x64.Build.0 = Debug|x64
		{C95D4394-85B6-4B21-A2E1-9289BC0C9F3A}.Debug|x86.ActiveCfg = Debug|Win32
		{C95D4394-85B6-4B21-A2E1-9289BC0C9F3A}.Debug|x86.Build.0 = Debug|Win32
		{C95D4394-85B6-4B21-A2E1-9289BC0C9F3A}.Release|x64.ActiveCfg = Release|x64
		{C95D4394-85B6-4B21-A2E1-9289BC0C9F3A}.Release|x64.Build.0 = Release|x64
		{C95D4394-85B6-4B21-A2E1-9289BC0C9F3A}.Release|x86.ActiveCfg = Release|Win32
		{C95D4394-85B6-4B21-A2E1-9289BC0C9F3A}.Release|x86.Build.0 = Release|Win32
		{50E13FC8-519B-494C-AFFC-31E9697BD48C}.Debug|x64.ActiveCfg = Debug|x64
		{50E13FC8-519B-494C-AFFC-31E9697BD48C}.Debug|x64.Build.0 = Debug|x64
		{50E13FC8-519B-494C-AFFC-31E9697BD48C}.Debug|x86.ActiveCfg = Debug|Win32
		{50E13FC8-519B-494C-AFFC-31E9697BD48C}.Debug|x86.Build.0 = Debug|Win32
		{50E13FC8-519B-494C-AFFC-31E9697BD48C}.Release|x64.ActiveCfg = Release|x64
		{50E13FC8-519B-494C-AFFC-31E9697BD48C}.Release|x64.Build.0 = Release|x64
		{50E13FC8-519B-494C-AFFC-31E9697BD48C}.Release|x86.ActiveCfg = Release|Win32
		{50E13FC8-519B-494C-AFFC-31E9697BD48C}.Release|x86.Build.0 = Release|Win32
		{DCD77277-6E06-40CE-9B48-189EBDF46AE5}.Debug|x64.ActiveCfg = Debug|x64
		{DCD77277-6E06-40CE-9B48-189EBDF46AE5}.Debug|x64.Build.0 = Debug|x64
		{DCD77277-6E06-40CE-9B48-189EBDF46AE5}.Debug|x86.ActiveCfg = Debug|Win32
		{DCD77277-6E06-40CE-9B48-189EBDF46AE5}.Debug|x86.Build.0 = Debug|Win32
		{DCD77277-6E06-40CE-9B48-189EBDF46AE5}.Release|x64.ActiveCfg = Release|x64
		{DCD77277-6E06-40CE-9B48-189EBDF46AE5}.Release|x64.Build.0 = Release|x64
		{DCD77277-6E06-40CE-9B48-189EBDF46AE5}.Release|x86.ActiveCfg = Release|Win32
		{DCD77277-6E06-40CE-9B48-189EBDF46AE5}.Release|x86.Build.0 = Release|Win32
		{BE83B2A4-EBFD-4CA8-B9C5-518D8F3D2756}.Debug|x64.ActiveCfg = Debug|x64
		{BE83B2A4-EBFD-4CA8-B9C5-518D8F3D2756}.Debug|x64.Build.0 = Debug|x64
		{BE83B2A4-EBFD-4CA8-B9C5-518D8F3D2756}.Debug|x86.ActiveCfg = Debug|Win32
		{BE83B2A4-EBFD-4CA8-B9C5-518D8F3D2756}.Debug|x86.Build.0 = Debug|Win32
		{BE83B2A4-EBFD-4CA8-B9C5-518D8F3D2756}.Release|x64.ActiveCfg = Release|x64
		{BE83B2A4-EBFD-4CA8-B9C5-518D8F3D2756}.Release|x64.Build.0 = Release|x64
		{BE83B2A4-EBFD-4CA8-B9C5-518D8F3D2756}.Release|x86.ActiveCfg = Release|Win32
		{BE83B2A4-EBFD-4CA8-B9C5-518D8F3D2756}.Release|x86.Build.0 = Release|Win32
		{56DB0BAA-9156-4130-A13D-4E429E138E71}.Debug|x64.ActiveCfg = Debug|x64
		{56DB0BAA-9156-4130-A13D-4E429E138E71}.Debug|x64.Build.0 = Debug|x64
		{56DB0BAA-9156-4130-A13D-4E429E138E71}.Debug|x86.ActiveCfg = Debug|Win32
		{56DB0BAA-9156-4130-A13D-4E429E138E71}.Debug|x86.Build.0 = Debug|Win32
		{56DB0BAA-9156-4130-A13D-4E429E138E71}.Release|x64.ActiveCfg = Release|x64
		{56DB0BAA-9156-4130-A13D-4E429E138E71}.Release|x64.Build.0 = Release|x64
		{56DB0BAA-9156-4130-A13D-4E429E138E71}.Release|x86.ActiveCfg = Release|Win32
		{56DB0BAA-9156-4130-A13D-4E429E138E71}.Release|x86.Build.0 = Release|Win32
		{FE7D5995-DADD-461F-866C-637888545B1E}.Debug|x64.ActiveCfg = Debug|x64
		{FE7D5995-DADD-461F-866C-637888545B1E}.Debug|x64.Build.0 = Debug|x64
		{FE7D5995-DADD-461F-866C-637888545B1E}.Debug|x86.ActiveCfg = Debug|Win32
		{FE7D5995-DADD-461F-866C-637888545B1E}.Debug|x86.Build.0 = Debug|Win32
		{FE7D5995-DADD-461F-866C-637888545B1E}.Release|x64.ActiveCfg = Release|x64
		{FE7D5995-DADD-461F-866C-637888545B1E}.Release|x64.Build.0 = Release|x64
		{FE7D5995-DADD-461F-866C-637888545B1E}.Release|x86.ActiveCfg = Release|Win32
		{FE7D5995-DADD-461F-866C-637888545B1E}.Release|x86.Build.0 = Release|Win32
		{80253E36-D497-418D-844A-2888721D184F}.Debug|x64.ActiveCfg = Debug|x64
		{80253E36-D497-418D-844A-2888721D184F}.Debug|x64.Build.0 = Debug|x64
		{80253E36-D497-418D-844A-2888721D184F}.Debug|x86.ActiveCfg = Debug|Win32
		{80253E36-D497-418D-844A-2888721D184F}.Debug|x86.Build.0 = Debug|Win32
		{80253E36-D497-418D-844A-2888721D184F}.Release|x64.ActiveCfg = Release|x64
		{80253E36-D497-418D-844A-2888721D184F}.Release|x64.Build.0 = Release|x64
		{80253E36-D497-418D-844A-2888721D184F}.Release|x86.ActiveCfg = Release|Win32
		{80253E36-D497-418D-844A-2888721D184F}.Release|x86.Build.0 = Release|Win32
		{15428BF7-5F82-4EFB-8BC5-BCFFEDC81E3D}.Debug|x64.ActiveCfg = Debug|x64
		{15428BF7-5F82-4EFB-8BC5-BCFFEDC81E3D}.Debug|x64.Build.0 = Debug|x64
		{15428BF7-5F82-4EFB-8BC5-BCFFEDC81E3D}.Debug|x86.ActiveCfg = Debug|Win32
		{15428BF7-5F82-4EFB-8BC5-BCFFEDC81E3D}.Debug|x86.Build.0 = Debug|Win32
		{15428BF7-5F82-4EFB-8BC5-BCFFEDC81E3D}.Release|x64.ActiveCfg = Release|x64
		{15428BF7-5F82-4EFB-8BC5-BCFFEDC81E3D}.Release|x64.Build.0 = Release|x64
		{15428BF7-5F82-4EFB-8BC5-BCFFEDC81E3D}.Release|x86.ActiveCfg = Release|Win32
		{15428BF7-5F82-4EFB-8BC5-BCFFEDC81E3D}.Release|x86.Build.0 = Release|Win32
		{57B027C7-A343-4C6F-9894-4BCE969CC767}.Debug|x64.ActiveCfg = Debug|x64
		{57B027C7-A343-4C6F-9894-4BCE969CC767}.Debug|x64.Build.0 = Debug|x64
		{57B027C7-A343-4C6F-9894-4BCE969CC767}.Debug|x86.ActiveCfg = Debug|Win32
		{57B027C7-A343-4C6F-9894-4BCE969CC767}.Debug|x86.Build.0 = Debug|Win32
		{57B027C7-A343-4C6F-9894-4BCE969CC767}.Release|x64.ActiveCfg = Release|x64
		{57B027C7-A343-4C6F-9894-4BCE969CC767}.Release|x64.Build.0 = Release|x64
		{57B027C7-A343-4C6F-9894-4BCE969CC767}.Release|x86.ActiveCfg = Release|Win32
		{57B027C7-A343-4C6F-9894-4BCE969CC767}.Release|x86.Build.0 = Release|Win32
		{F3C94BCB-0C03-4D0F-8F49-C37A038A8BBD}.Debug|x64.ActiveCfg = Debug|x64
		{F3C94BCB-0C03-4D0F-8F49-C37A038A8BBD}.Debug|x64.Build.0 = Debug|x64
		{F3C94BCB-0C03-4D0F-8F49-C37A038A8BBD}.Debug|x86.ActiveCfg = Debug|Win32
		{F3C94BCB-0C03-4D0F-8F49-C37A038A8BBD}.Debug|x86.Build.0 = Debug|Win32
		{F3C94BCB-0C03-4D0F-8F49-C37A038A8BBD}.Release|x64.ActiveCfg = Release|x64
		{F3C94BCB-0C03-4D0F-8F49-C37A038A8BBD}.Release|x64.Build.0 = Release|x64
		{F3C94BCB-0C03-4D0F-8F49-C37A038A8BBD}.Release|x86.ActiveCfg = Release|Win32
		{F3C94BCB-0C03-4D0F-8F49-C37A038A8BBD}.Release|x86.Build.0 = Release|Win32
		{AFD3743A-DA6F-42BF-A6C5-1C62EC3C0555}.Debug|x64.ActiveCfg = Debug|x64
		{AFD3743A-DA6F-42BF-A6C5-1C62EC3C0555}.Debug|x64.Build.0 = Debug|x64
		{AFD3743A-DA6F-42BF-A6C5-1C62EC3C0555}.Debug|x86.ActiveCfg = Debug|Win32
		{AFD3743A-DA6F-42BF-A6C5-1C62EC3C0555}.Debug|x86.Build.0 = Debug|Win32
		{AFD3743A-DA6F-42BF-A6C5-1C62EC3C0555}.Release|x64.ActiveCfg = Release|x64
		{AFD3743A-DA6F-42BF-A6C5-1C62EC3C0555}.Release|x64.Build.0 = Release|x64
		{AFD3743A-DA6F-42BF-A6C5-1C62EC3C0555}.Release|x86.ActiveCfg = Release|Win32
		{AFD3743A-DA6F-42BF-A6C5-1C62EC3C0555}.Release|x86.Build.0 = Release|Win32
		{CF2C4E83-2008-4B01-9CDE-4F46EBD77E30}.Debug|x64.ActiveCfg = Debug|x64
		{CF2C4E83-2008-4B01-9CDE-4F46EBD77E30}.Debug|x64.Build.0 = Debug|x64
		{CF2C4E83-2008-4B01-9CDE-4F46EBD77E30}.Debug|x86.ActiveCfg = Debug|Win32
		{CF2C4E83-2008-4B01-9CDE-4F46EBD77E30}.Debug|x86.Build.0 = Debug|Win32
		{CF2C4E83-2008-4B01-9CDE-4F46EBD77E30}.Release|x64.ActiveCfg = Release|x64
		{CF2C4E83-2008-4B01-9CDE-4F46EBD77E30}.Release|x64.Build.0 = Release|x64
		{CF2C4E83-2008-4B01-9CDE-4F46EBD77E30}.Release|x86.ActiveCfg = Release|Win32
		{CF2C4E83-2008-4B01-9CDE-4F46EBD77E30}.Release|x86.Build.0 = Release|Win32
	EndGlobalSection
	GlobalSection(SolutionProperties) = preSolution
		HideSolutionNode = FALSE
	EndGlobalSection
	GlobalSection(NestedProjects) = preSolution
		{C37461AB-C49F-47AB-B12B-A692C957F3DE} = {7F2043ED-2CE5-4B87-AE17-C136DE20DFA1}
		{C95D4394-85B6-4B21-A2E1-9289BC0C9F3A} = {7F2043ED-2CE5-4B87-AE17-C136DE20DFA1}
		{50E13FC8-519B-494C-AFFC-31E9697BD48C} = {7F2043ED-2CE5-4B87-AE17-C136DE20DFA1}
		{DCD77277-6E06-40CE-9B48-189EBDF46AE5} = {7F2043ED-2CE5-4B87-AE17-C136DE20DFA1}
		{BE83B2A4-EBFD-4CA8-B9C5-518D8F3D2756} = {7F2043ED-2CE5-4B87-AE17-C136DE20DFA1}
		{56DB0BAA-9156-4130-A13D-4E429E138E71} = {47299790-22B5-43BB-B678-2BEE33A555AE}
		{FE7D5995-DADD-461F-866C-637888545B1E} = {47299790-22B5-43BB-B678-2BEE33A555AE}
		{80253E36-D497-418D-844A-2888721D184F} = {47299790-22B5-43BB-B678-2BEE33A555AE}
		{15428BF7-5F82-4EFB-8BC5-BCFFEDC81E3D} = {47299790-22B5-43BB-B678-2BEE33A555AE}
		{57B027C7-A343-4C6F-9894-4BCE969CC767} = {1C719671-475F-4F14-B425-25106F8F871B}
		{F3C94BCB-0C03-4D0F-8F49-C37A038A8BBD} = {1C719671-475F-4F14-B425-25106F8F871B}
		{AFD3743A-DA6F-42BF-A6C5-1C62EC3C0555} = {1C719671-475F-4F14-B425-25106F8F871B}
		{CF2C4E83-2008-4B01-9CDE-4F46EBD77E30} = {1C719671-475F-4F14-B425-25106F8F871B}
	EndGlobalSection
	GlobalSection(ExtensibilityGlobals) = postSolution
		SolutionGuid = {84522C37-8DC0-4A05-9510-6E2740C5162A}
	EndGlobalSection
EndGlobal
