
Microsoft Visual Studio Solution File, Format Version 12.00
# Visual Studio Version 17
VisualStudioVersion = 17.1.32407.343
MinimumVisualStudioVersion = 10.0.40219.1
Project("{8BC9CEB8-8B4A-11D0-8D11-00A0C91BC942}") = "ClassWork", "ClassWork\ClassWork.vcxproj", "{C37461AB-C49F-47AB-B12B-A692C957F3DE}"
EndProject
Project("{2150E333-8FDC-42A3-9474-1A3956D46DE8}") = "2nd October", "2nd October", "{7F2043ED-2CE5-4B87-AE17-C136DE20DFA1}"
EndProject
Project("{8BC9CEB8-8B4A-11D0-8D11-00A0C91BC942}") = "IntDevide", "IntDevide\IntDevide.vcxproj", "{C95D4394-85B6-4B21-A2E1-9289BC0C9F3A}"
EndProject
Project("{8BC9CEB8-8B4A-11D0-8D11-00A0C91BC942}") = "ConstantNums", "ConstantNums\ConstantNums.vcxproj", "{50E13FC8-519B-494C-AFFC-31E9697BD48C}"
EndProject
Project("{8BC9CEB8-8B4A-11D0-8D11-00A0C91BC942}") = "ModulOfNum", "ModulOfNum\ModulOfNum.vcxproj", "{DCD77277-6E06-40CE-9B48-189EBDF46AE5}"
EndProject
Project("{8BC9CEB8-8B4A-11D0-8D11-00A0C91BC942}") = "SCircle", "SCircle\SCircle.vcxproj", "{BE83B2A4-EBFD-4CA8-B9C5-518D8F3D2756}"
EndProject
Project("{8BC9CEB8-8B4A-11D0-8D11-00A0C91BC942}") = "SinOfNum", "SinOfNum\SinOfNum.vcxproj", "{56DB0BAA-9156-4130-A13D-4E429E138E71}"
EndProject
Project("{2150E333-8FDC-42A3-9474-1A3956D46DE8}") = "9th October", "9th October", "{47299790-22B5-43BB-B678-2BEE33A555AE}"
EndProject
Project("{8BC9CEB8-8B4A-11D0-8D11-00A0C91BC942}") = "POfRectangleWithSandB", "POfRectangleWithSandB\POfRectangleWithSandB.vcxproj", "{FE7D5995-DADD-461F-866C-637888545B1E}"
EndProject
Project("{8BC9CEB8-8B4A-11D0-8D11-00A0C91BC942}") = "ChickensAndEggs", "ChickensAndEggs\ChickensAndEggs.vcxproj", "{80253E36-D497-418D-844A-2888721D184F}"
EndProject
Project("{8BC9CEB8-8B4A-11D0-8D11-00A0C91BC942}") = "NumOfFailsInLetter", "NumOfFailsInLetter\NumOfFailsInLetter.vcxproj", "{15428BF7-5F82-4EFB-8BC5-BCFFEDC81E3D}"
EndProject
Project("{2150E333-8FDC-42A3-9474-1A3956D46DE8}") = "16th October", "16th October", "{1C719671-475F-4F14-B425-25106F8F871B}"
EndProject
Project("{8BC9CEB8-8B4A-11D0-8D11-00A0C91BC942}") = "FractionalNum", "FractionalNum\FractionalNum.vcxproj", "{57B027C7-A343-4C6F-9894-4BCE969CC767}"
EndProject
Project("{8BC9CEB8-8B4A-11D0-8D11-00A0C91BC942}") = "IfClause", "IfClause\IfClause.vcxproj", "{F3C94BCB-0C03-4D0F-8F49-C37A038A8BBD}"
EndProject
Project("{8BC9CEB8-8B4A-11D0-8D11-00A0C91BC942}") = "MaxNum", "MaxNum\MaxNum.vcxproj", "{AFD3743A-DA6F-42BF-A6C5-1C62EC3C0555}"
EndProject
Project("{8BC9CEB8-8B4A-11D0-8D11-00A0C91BC942}") = "SumOfUint", "SumOfUint\SumOfUint.vcxproj", "{CF2C4E83-2008-4B01-9CDE-4F46EBD77E30}"
EndProject
Project("{8BC9CEB8-8B4A-11D0-8D11-00A0C91BC942}") = "Worm", "Worm\Worm.vcxproj", "{C393B995-4308-40DD-807E-C72C7CCF16B9}"
EndProject
Project("{8BC9CEB8-8B4A-11D0-8D11-00A0C91BC942}") = "First100numsdelyatsana5i3", "First100numsdelyatsana5i3\First100numsdelyatsana5i3.vcxproj", "{0BF6E552-D38B-421E-BCE6-9DBC37096FCF}"
EndProject
Project("{2150E333-8FDC-42A3-9474-1A3956D46DE8}") = "30th October", "30th October", "{7B2208C9-3ED6-48FC-8745-B23EF8B46D75}"
EndProject
Project("{8BC9CEB8-8B4A-11D0-8D11-00A0C91BC942}") = "Pow", "Pow\Pow.vcxproj", "{3A70108F-B338-4233-A0CE-91D398B91B0A}"
EndProject
Project("{8BC9CEB8-8B4A-11D0-8D11-00A0C91BC942}") = "SimpleNum", "SimpleNum\SimpleNum.vcxproj", "{5E9DFFA1-A9E5-4DB9-902A-12392596DD24}"
EndProject
Project("{8BC9CEB8-8B4A-11D0-8D11-00A0C91BC942}") = "Subsequence", "Subsequence\Subsequence.vcxproj", "{F166F3E3-DC98-40B3-A241-94BB27714BD2}"
EndProject
Project("{8BC9CEB8-8B4A-11D0-8D11-00A0C91BC942}") = "Factorial", "Factorial\Factorial.vcxproj", "{2B75CDE8-935E-4252-B841-F1678506995A}"
EndProject
Project("{8BC9CEB8-8B4A-11D0-8D11-00A0C91BC942}") = "Factorial subsequense", "Factorial subsequense\Factorial subsequense.vcxproj", "{BDB571B8-8342-4113-8B88-CC49BAF0BF33}"
EndProject
Project("{8BC9CEB8-8B4A-11D0-8D11-00A0C91BC942}") = "AmountOFNums", "AmountOFNums\AmountOFNums.vcxproj", "{2A35F1E7-80B3-42DB-884A-903B196088E9}"
EndProject
Project("{2150E333-8FDC-42A3-9474-1A3956D46DE8}") = "6th November", "6th November", "{8CFB3697-099B-4CC7-8B8B-221D17801F3B}"
EndProject
Project("{8BC9CEB8-8B4A-11D0-8D11-00A0C91BC942}") = "FirstOddNums", "FirstOddNums\FirstOddNums.vcxproj", "{B863D8DB-62C1-4558-8975-FE72AD108C6C}"
EndProject
Project("{8BC9CEB8-8B4A-11D0-8D11-00A0C91BC942}") = "TwoDividersOfNums", "TwoDividersOfNums\TwoDividersOfNums.vcxproj", "{24B9409F-29B3-4479-9AE8-75C0F7EDA57C}"
EndProject
Project("{8BC9CEB8-8B4A-11D0-8D11-00A0C91BC942}") = "Rhombus", "Rhombus\Rhombus.vcxproj", "{3F4265DB-558A-435B-8961-4E6C008B4EBA}"
EndProject
Project("{8BC9CEB8-8B4A-11D0-8D11-00A0C91BC942}") = "FirstNSimpleNums", "FirstNSimpleNums\FirstNSimpleNums.vcxproj", "{95CB8ECE-1710-4364-B158-7B167B815F27}"
EndProject
Project("{8BC9CEB8-8B4A-11D0-8D11-00A0C91BC942}") = "THISPROGRAMWILLKILLYOURNERVOUSSYSTEM", "THISPROGRAMWILLKILLYOURNERVOUSSYSTEM\THISPROGRAMWILLKILLYOURNERVOUSSYSTEM.vcxproj", "{91BD5CD6-8EBC-4B62-8784-2AA4AB013E0A}"
EndProject
Project("{8BC9CEB8-8B4A-11D0-8D11-00A0C91BC942}") = "SumOfTenOddNums", "SumOfTenOddNums\SumOfTenOddNums.vcxproj", "{3D9EA750-D7D9-4DB5-B644-93C93CA79361}"
EndProject
Project("{8BC9CEB8-8B4A-11D0-8D11-00A0C91BC942}") = "ReNumber", "ReNumber\ReNumber.vcxproj", "{BCE03602-5AEC-403A-8FCC-9C1ABDFB9494}"
EndProject
Project("{2150E333-8FDC-42A3-9474-1A3956D46DE8}") = "13th October", "13th October", "{896DD669-95BE-42C8-866F-3ACB23F2D713}"
EndProject
Project("{8BC9CEB8-8B4A-11D0-8D11-00A0C91BC942}") = "PariMatch", "PariMatch\PariMatch.vcxproj", "{CC3AB044-F864-4FD9-BFFD-092EFDCF5144}"
EndProject
Project("{8BC9CEB8-8B4A-11D0-8D11-00A0C91BC942}") = "Matches", "Matches\Matches.vcxproj", "{A9933C1A-7063-461A-B7DA-1B2CE019F337}"
EndProject
Project("{2150E333-8FDC-42A3-9474-1A3956D46DE8}") = "20th November", "20th November", "{3D3EC4CE-7B66-425F-8029-CADB04BC59BA}"
EndProject
Project("{8BC9CEB8-8B4A-11D0-8D11-00A0C91BC942}") = "SimpleStream", "SimpleStream\SimpleStream.vcxproj", "{C5150A84-B85A-4C27-B639-05272235B32D}"
EndProject
Project("{8BC9CEB8-8B4A-11D0-8D11-00A0C91BC942}") = "SoldersAndBananas", "SoldersAndBananas\SoldersAndBananas.vcxproj", "{2B3B8820-C9DB-436D-9292-7C82F2BE07CE}"
EndProject
Project("{8BC9CEB8-8B4A-11D0-8D11-00A0C91BC942}") = "Kit_HelloWorld", "Kit_HelloWorld\Kit_HelloWorld.vcxproj", "{09F2F2AC-9410-4FC6-AD17-A277D595CE65}"
EndProject
Project("{8BC9CEB8-8B4A-11D0-8D11-00A0C91BC942}") = "Kit_Sum", "Kit_Sum\Kit_Sum.vcxproj", "{8837AA7B-20C7-480E-9C40-F3B80E4D9467}"
EndProject
Project("{8BC9CEB8-8B4A-11D0-8D11-00A0C91BC942}") = "Kit_SumPro", "Kit_SumPro\Kit_SumPro.vcxproj", "{9AF92B42-77C3-425E-A34B-1E2916A4E220}"
EndProject
Project("{8BC9CEB8-8B4A-11D0-8D11-00A0C91BC942}") = "Kit_NextAndPrevious", "Kit_NextAndPrevious\Kit_NextAndPrevious.vcxproj", "{5078F047-E6A5-4DA2-A205-FCF268277DFF}"
EndProject
Project("{8BC9CEB8-8B4A-11D0-8D11-00A0C91BC942}") = "SAndPOfRectangle", "SAndPOfRectangle\SAndPOfRectangle.vcxproj", "{227391F2-B1E1-4003-8F45-6C04998E810D}"
EndProject
Project("{8BC9CEB8-8B4A-11D0-8D11-00A0C91BC942}") = "Kit_LastNum", "Kit_LastNum\Kit_LastNum.vcxproj", "{06AB3604-8A1E-4645-9121-C3BC5113E56B}"
EndProject
Project("{8BC9CEB8-8B4A-11D0-8D11-00A0C91BC942}") = "TooLongWords", "TooLongWords\TooLongWords.vcxproj", "{93140B08-9F4D-4059-895B-ADAAD2BDC881}"
EndProject
Project("{8BC9CEB8-8B4A-11D0-8D11-00A0C91BC942}") = "Watermelon", "Watermelon\Watermelon.vcxproj", "{CA4CB22C-D5FD-4570-BFDD-414AEC482CD1}"
EndProject
Project("{8BC9CEB8-8B4A-11D0-8D11-00A0C91BC942}") = "Bit++", "Bit++\Bit++.vcxproj", "{37B54B9C-BBCA-4E6F-8B9C-62532B3A69E5}"
EndProject
Project("{2150E333-8FDC-42A3-9474-1A3956D46DE8}") = "27th November", "27th November", "{0B9E75F6-C4D2-4E7D-AF16-A537A86B3C18}"
EndProject
Project("{8BC9CEB8-8B4A-11D0-8D11-00A0C91BC942}") = "Elephant", "Elephant\Elephant.vcxproj", "{5B28EB32-C883-421B-8130-ED559B0C18D9}"
EndProject
Project("{8BC9CEB8-8B4A-11D0-8D11-00A0C91BC942}") = "CoinsCount", "CoinsCount\CoinsCount.vcxproj", "{C5811FDA-0EA5-4682-8912-76003ACF8D54}"
EndProject
Project("{8BC9CEB8-8B4A-11D0-8D11-00A0C91BC942}") = "SimpleCalc", "SimpleCalc\SimpleCalc.vcxproj", "{D6302F2F-EB8B-420A-9F6E-994C05A58E6B}"
EndProject
Project("{8BC9CEB8-8B4A-11D0-8D11-00A0C91BC942}") = "FibonuchiNums", "FibonuchiNums\FibonuchiNums.vcxproj", "{B3C5FC0E-B290-4009-AF0F-705AA843D9FD}"
EndProject
Project("{2150E333-8FDC-42A3-9474-1A3956D46DE8}") = "4th December", "4th December", "{FAEF8118-1512-4F4C-B11D-A49923A40B80}"
EndProject
Project("{8BC9CEB8-8B4A-11D0-8D11-00A0C91BC942}") = "PetyaAndCalendar", "PetyaAndCalendar\PetyaAndCalendar.vcxproj", "{C517887F-5DF8-4FF4-81ED-1B0FC9C67877}"
EndProject
Project("{8BC9CEB8-8B4A-11D0-8D11-00A0C91BC942}") = "GetLineFunc", "GetLineFunc\GetLineFunc.vcxproj", "{1E4E827D-E0DE-4A9E-A293-7BE028B14F9C}"
EndProject
Project("{8BC9CEB8-8B4A-11D0-8D11-00A0C91BC942}") = "FirstLetterOfEachWord", "FirstLetterOfEachWord\FirstLetterOfEachWord.vcxproj", "{064CBAFB-C8C2-435B-8E17-FE2C8406F5FB}"
EndProject
Project("{8BC9CEB8-8B4A-11D0-8D11-00A0C91BC942}") = "FirstWordOfEachSentence", "FirstWordOfEachSentence\FirstWordOfEachSentence.vcxproj", "{F1B8662E-A2DB-4B60-9542-A89BDCD958B2}"
EndProject
Project("{2150E333-8FDC-42A3-9474-1A3956D46DE8}") = "11th December", "11th December", "{E0ECBD18-1701-4B85-8B29-5F2DCE2E2D8D}"
EndProject
Project("{8BC9CEB8-8B4A-11D0-8D11-00A0C91BC942}") = "Recursion", "Recursion\Recursion.vcxproj", "{0A779E25-D1C1-4771-8793-3EF007D61789}"
EndProject
Project("{8BC9CEB8-8B4A-11D0-8D11-00A0C91BC942}") = "DigitsOfNums", "DigitsOfNums\DigitsOfNums.vcxproj", "{062A77FE-6192-4D2F-A14E-BB614FE471D5}"
EndProject
Project("{8BC9CEB8-8B4A-11D0-8D11-00A0C91BC942}") = "IfSimpleNum", "IfSimpleNum\IfSimpleNum.vcxproj", "{37F6C8B8-1342-4A0C-AAB6-EAEA2BE9DE9D}"
EndProject
Project("{2150E333-8FDC-42A3-9474-1A3956D46DE8}") = "15th January", "15th January", "{B664C827-ED6D-4B93-9221-2D75A00FC37F}"
EndProject
Project("{8BC9CEB8-8B4A-11D0-8D11-00A0C91BC942}") = "IfPalindrome", "IfPollyndrom\IfPollyndrom.vcxproj", "{D026E04E-4DB1-417F-A581-FBC6F3C03AD2}"
EndProject
Project("{8BC9CEB8-8B4A-11D0-8D11-00A0C91BC942}") = "NumOfPalindromes", "NumOfPalendromes\NumOfPalendromes.vcxproj", "{E6D2FC18-D432-44BD-B709-195BAD1051A8}"
EndProject
Project("{2150E333-8FDC-42A3-9474-1A3956D46DE8}") = "22th January", "22th January", "{3B664CEF-272E-4E5B-A781-59B381B9D173}"
EndProject
Project("{8BC9CEB8-8B4A-11D0-8D11-00A0C91BC942}") = "Pointer", "Pointer\Pointer.vcxproj", "{82370317-CAC5-45CA-B241-8DE5B27BBCC4}"
EndProject
Project("{8BC9CEB8-8B4A-11D0-8D11-00A0C91BC942}") = "MaxMinInArray", "MaxMinInArray\MaxMinInArray.vcxproj", "{45114B7E-1104-42F8-9FDC-6B8AFCB3A79F}"
EndProject
Project("{2150E333-8FDC-42A3-9474-1A3956D46DE8}") = "29th January", "29th January", "{3C461CAD-F460-4FA6-944C-2AB047D75942}"
EndProject
Project("{8BC9CEB8-8B4A-11D0-8D11-00A0C91BC942}") = "ShiftInArray", "ShiftInArray\ShiftInArray.vcxproj", "{3132A8E0-0581-436E-9231-E7AE591BB7BD}"
EndProject
Project("{2150E333-8FDC-42A3-9474-1A3956D46DE8}") = "5th February", "5th February", "{B637AB06-71C7-4C5D-84ED-285A4C119257}"
EndProject
Project("{8BC9CEB8-8B4A-11D0-8D11-00A0C91BC942}") = "UnitedArrays", "UnitedArrays\UnitedArrays.vcxproj", "{BDA063CB-911E-4471-9235-979FD5BFB760}"
EndProject
Project("{8BC9CEB8-8B4A-11D0-8D11-00A0C91BC942}") = "DeleteElementFromArr", "DeleteElementFromArr\DeleteElementFromArr.vcxproj", "{7742CFA1-59AB-46A9-9ECE-C4840E7DC595}"
EndProject
Project("{2150E333-8FDC-42A3-9474-1A3956D46DE8}") = "12th February", "12th February", "{46540B03-A42B-44C2-A150-DF07975A5FB6}"
EndProject
Project("{8BC9CEB8-8B4A-11D0-8D11-00A0C91BC942}") = "CreatingUniqueVector", "CreatingUniqueVector\CreatingUniqueVector.vcxproj", "{F57D0EE1-1ADF-42D9-99AD-06D4A41BE283}"
EndProject
Project("{2150E333-8FDC-42A3-9474-1A3956D46DE8}") = "19th February", "19th February", "{8CFBAD07-5E33-4E53-BA9F-12AB83AEF7BE}"
EndProject
Project("{8BC9CEB8-8B4A-11D0-8D11-00A0C91BC942}") = "EvenArray", "EvenArray\EvenArray.vcxproj", "{33EC76DF-3A5C-496F-BAFB-C4B74CED9C05}"
EndProject
Project("{8BC9CEB8-8B4A-11D0-8D11-00A0C91BC942}") = "SerGAY and Dima", "SerGAY and Dima\SerGAY and Dima.vcxproj", "{94BDC2C1-B947-4652-A005-25B3F7D70A2A}"
EndProject
Project("{8BC9CEB8-8B4A-11D0-8D11-00A0C91BC942}") = "Buy a shovel", "Buy a shovel\Buy a shovel.vcxproj", "{778A853D-0920-4CA4-A1A3-BFCB2203D2AD}"
EndProject
Project("{8BC9CEB8-8B4A-11D0-8D11-00A0C91BC942}") = "Dont distract", "Dont distract\Dont distract.vcxproj", "{41E64DC8-F155-4993-81CF-FF49025DE933}"
EndProject
Project("{2150E333-8FDC-42A3-9474-1A3956D46DE8}") = "16th April", "16th April", "{4D22EC56-4C77-438E-863C-B8250CFF8697}"
EndProject
Project("{8BC9CEB8-8B4A-11D0-8D11-00A0C91BC942}") = "VanyaAndCubes", "VanyaAndCubes\VanyaAndCubes.vcxproj", "{701B30C9-F2CD-41D6-A429-9E6E3620E311}"
EndProject
Project("{8BC9CEB8-8B4A-11D0-8D11-00A0C91BC942}") = "MinutesToTheNewYear", "MinutesToTheNewYear\MinutesToTheNewYear.vcxproj", "{515D4C53-2E31-49F3-8BC2-145D845C701D}"
EndProject
Project("{8BC9CEB8-8B4A-11D0-8D11-00A0C91BC942}") = "LinearKeyboard", "LinearKeyboard\LinearKeyboard.vcxproj", "{7BB4E5E2-7752-4699-9562-BBD3B3754100}"
EndProject
Project("{8BC9CEB8-8B4A-11D0-8D11-00A0C91BC942}") = "EvenSubstrings", "EvenSubstrings\EvenSubstrings.vcxproj", "{124FC4F1-B748-4CB0-9283-CD8296F85627}"
EndProject
Project("{2150E333-8FDC-42A3-9474-1A3956D46DE8}") = "23rd April", "23rd April", "{45D7238B-2926-4FFB-8B38-64DBAE2132B3}"
EndProject
Project("{2150E333-8FDC-42A3-9474-1A3956D46DE8}") = "30th April", "30th April", "{C6A648D4-3925-47B2-82E4-E35882F0DC1C}"
EndProject
Project("{8BC9CEB8-8B4A-11D0-8D11-00A0C91BC942}") = "Alingment", "Alingment\Alingment.vcxproj", "{32C40E45-04A9-457E-BD03-9E4FFE83FF02}"
EndProject
Project("{8BC9CEB8-8B4A-11D0-8D11-00A0C91BC942}") = "AlingmentWithoutWordWrap", "AlingmentWithoutWordWrap\AlingmentWithoutWordWrap.vcxproj", "{3ED14D49-8E1F-4BC9-AEDD-91F36DFE48EA}"
EndProject
Project("{2150E333-8FDC-42A3-9474-1A3956D46DE8}") = "7th May", "7th May", "{49E7FC06-F2DC-48D7-A12B-4642472C98AF}"
EndProject
Project("{8BC9CEB8-8B4A-11D0-8D11-00A0C91BC942}") = "RightAlingment", "RightAlingment\RightAlingment.vcxproj", "{9F35817C-D807-471C-ACD0-D8815F2E2BE5}"
EndProject
Global
	GlobalSection(SolutionConfigurationPlatforms) = preSolution
		Debug|x64 = Debug|x64
		Debug|x86 = Debug|x86
		Release|x64 = Release|x64
		Release|x86 = Release|x86
	EndGlobalSection
	GlobalSection(ProjectConfigurationPlatforms) = postSolution
		{C37461AB-C49F-47AB-B12B-A692C957F3DE}.Debug|x64.ActiveCfg = Debug|x64
		{C37461AB-C49F-47AB-B12B-A692C957F3DE}.Debug|x64.Build.0 = Debug|x64
		{C37461AB-C49F-47AB-B12B-A692C957F3DE}.Debug|x86.ActiveCfg = Debug|Win32
		{C37461AB-C49F-47AB-B12B-A692C957F3DE}.Debug|x86.Build.0 = Debug|Win32
		{C37461AB-C49F-47AB-B12B-A692C957F3DE}.Release|x64.ActiveCfg = Release|x64
		{C37461AB-C49F-47AB-B12B-A692C957F3DE}.Release|x64.Build.0 = Release|x64
		{C37461AB-C49F-47AB-B12B-A692C957F3DE}.Release|x86.ActiveCfg = Release|Win32
		{C37461AB-C49F-47AB-B12B-A692C957F3DE}.Release|x86.Build.0 = Release|Win32
		{C95D4394-85B6-4B21-A2E1-9289BC0C9F3A}.Debug|x64.ActiveCfg = Debug|x64
		{C95D4394-85B6-4B21-A2E1-9289BC0C9F3A}.Debug|x64.Build.0 = Debug|x64
		{C95D4394-85B6-4B21-A2E1-9289BC0C9F3A}.Debug|x86.ActiveCfg = Debug|Win32
		{C95D4394-85B6-4B21-A2E1-9289BC0C9F3A}.Debug|x86.Build.0 = Debug|Win32
		{C95D4394-85B6-4B21-A2E1-9289BC0C9F3A}.Release|x64.ActiveCfg = Release|x64
		{C95D4394-85B6-4B21-A2E1-9289BC0C9F3A}.Release|x64.Build.0 = Release|x64
		{C95D4394-85B6-4B21-A2E1-9289BC0C9F3A}.Release|x86.ActiveCfg = Release|Win32
		{C95D4394-85B6-4B21-A2E1-9289BC0C9F3A}.Release|x86.Build.0 = Release|Win32
		{50E13FC8-519B-494C-AFFC-31E9697BD48C}.Debug|x64.ActiveCfg = Debug|x64
		{50E13FC8-519B-494C-AFFC-31E9697BD48C}.Debug|x64.Build.0 = Debug|x64
		{50E13FC8-519B-494C-AFFC-31E9697BD48C}.Debug|x86.ActiveCfg = Debug|Win32
		{50E13FC8-519B-494C-AFFC-31E9697BD48C}.Debug|x86.Build.0 = Debug|Win32
		{50E13FC8-519B-494C-AFFC-31E9697BD48C}.Release|x64.ActiveCfg = Release|x64
		{50E13FC8-519B-494C-AFFC-31E9697BD48C}.Release|x64.Build.0 = Release|x64
		{50E13FC8-519B-494C-AFFC-31E9697BD48C}.Release|x86.ActiveCfg = Release|Win32
		{50E13FC8-519B-494C-AFFC-31E9697BD48C}.Release|x86.Build.0 = Release|Win32
		{DCD77277-6E06-40CE-9B48-189EBDF46AE5}.Debug|x64.ActiveCfg = Debug|x64
		{DCD77277-6E06-40CE-9B48-189EBDF46AE5}.Debug|x64.Build.0 = Debug|x64
		{DCD77277-6E06-40CE-9B48-189EBDF46AE5}.Debug|x86.ActiveCfg = Debug|Win32
		{DCD77277-6E06-40CE-9B48-189EBDF46AE5}.Debug|x86.Build.0 = Debug|Win32
		{DCD77277-6E06-40CE-9B48-189EBDF46AE5}.Release|x64.ActiveCfg = Release|x64
		{DCD77277-6E06-40CE-9B48-189EBDF46AE5}.Release|x64.Build.0 = Release|x64
		{DCD77277-6E06-40CE-9B48-189EBDF46AE5}.Release|x86.ActiveCfg = Release|Win32
		{DCD77277-6E06-40CE-9B48-189EBDF46AE5}.Release|x86.Build.0 = Release|Win32
		{BE83B2A4-EBFD-4CA8-B9C5-518D8F3D2756}.Debug|x64.ActiveCfg = Debug|x64
		{BE83B2A4-EBFD-4CA8-B9C5-518D8F3D2756}.Debug|x64.Build.0 = Debug|x64
		{BE83B2A4-EBFD-4CA8-B9C5-518D8F3D2756}.Debug|x86.ActiveCfg = Debug|Win32
		{BE83B2A4-EBFD-4CA8-B9C5-518D8F3D2756}.Debug|x86.Build.0 = Debug|Win32
		{BE83B2A4-EBFD-4CA8-B9C5-518D8F3D2756}.Release|x64.ActiveCfg = Release|x64
		{BE83B2A4-EBFD-4CA8-B9C5-518D8F3D2756}.Release|x64.Build.0 = Release|x64
		{BE83B2A4-EBFD-4CA8-B9C5-518D8F3D2756}.Release|x86.ActiveCfg = Release|Win32
		{BE83B2A4-EBFD-4CA8-B9C5-518D8F3D2756}.Release|x86.Build.0 = Release|Win32
		{56DB0BAA-9156-4130-A13D-4E429E138E71}.Debug|x64.ActiveCfg = Debug|x64
		{56DB0BAA-9156-4130-A13D-4E429E138E71}.Debug|x64.Build.0 = Debug|x64
		{56DB0BAA-9156-4130-A13D-4E429E138E71}.Debug|x86.ActiveCfg = Debug|Win32
		{56DB0BAA-9156-4130-A13D-4E429E138E71}.Debug|x86.Build.0 = Debug|Win32
		{56DB0BAA-9156-4130-A13D-4E429E138E71}.Release|x64.ActiveCfg = Release|x64
		{56DB0BAA-9156-4130-A13D-4E429E138E71}.Release|x64.Build.0 = Release|x64
		{56DB0BAA-9156-4130-A13D-4E429E138E71}.Release|x86.ActiveCfg = Release|Win32
		{56DB0BAA-9156-4130-A13D-4E429E138E71}.Release|x86.Build.0 = Release|Win32
		{FE7D5995-DADD-461F-866C-637888545B1E}.Debug|x64.ActiveCfg = Debug|x64
		{FE7D5995-DADD-461F-866C-637888545B1E}.Debug|x64.Build.0 = Debug|x64
		{FE7D5995-DADD-461F-866C-637888545B1E}.Debug|x86.ActiveCfg = Debug|Win32
		{FE7D5995-DADD-461F-866C-637888545B1E}.Debug|x86.Build.0 = Debug|Win32
		{FE7D5995-DADD-461F-866C-637888545B1E}.Release|x64.ActiveCfg = Release|x64
		{FE7D5995-DADD-461F-866C-637888545B1E}.Release|x64.Build.0 = Release|x64
		{FE7D5995-DADD-461F-866C-637888545B1E}.Release|x86.ActiveCfg = Release|Win32
		{FE7D5995-DADD-461F-866C-637888545B1E}.Release|x86.Build.0 = Release|Win32
		{80253E36-D497-418D-844A-2888721D184F}.Debug|x64.ActiveCfg = Debug|x64
		{80253E36-D497-418D-844A-2888721D184F}.Debug|x64.Build.0 = Debug|x64
		{80253E36-D497-418D-844A-2888721D184F}.Debug|x86.ActiveCfg = Debug|Win32
		{80253E36-D497-418D-844A-2888721D184F}.Debug|x86.Build.0 = Debug|Win32
		{80253E36-D497-418D-844A-2888721D184F}.Release|x64.ActiveCfg = Release|x64
		{80253E36-D497-418D-844A-2888721D184F}.Release|x64.Build.0 = Release|x64
		{80253E36-D497-418D-844A-2888721D184F}.Release|x86.ActiveCfg = Release|Win32
		{80253E36-D497-418D-844A-2888721D184F}.Release|x86.Build.0 = Release|Win32
		{15428BF7-5F82-4EFB-8BC5-BCFFEDC81E3D}.Debug|x64.ActiveCfg = Debug|x64
		{15428BF7-5F82-4EFB-8BC5-BCFFEDC81E3D}.Debug|x64.Build.0 = Debug|x64
		{15428BF7-5F82-4EFB-8BC5-BCFFEDC81E3D}.Debug|x86.ActiveCfg = Debug|Win32
		{15428BF7-5F82-4EFB-8BC5-BCFFEDC81E3D}.Debug|x86.Build.0 = Debug|Win32
		{15428BF7-5F82-4EFB-8BC5-BCFFEDC81E3D}.Release|x64.ActiveCfg = Release|x64
		{15428BF7-5F82-4EFB-8BC5-BCFFEDC81E3D}.Release|x64.Build.0 = Release|x64
		{15428BF7-5F82-4EFB-8BC5-BCFFEDC81E3D}.Release|x86.ActiveCfg = Release|Win32
		{15428BF7-5F82-4EFB-8BC5-BCFFEDC81E3D}.Release|x86.Build.0 = Release|Win32
		{57B027C7-A343-4C6F-9894-4BCE969CC767}.Debug|x64.ActiveCfg = Debug|x64
		{57B027C7-A343-4C6F-9894-4BCE969CC767}.Debug|x64.Build.0 = Debug|x64
		{57B027C7-A343-4C6F-9894-4BCE969CC767}.Debug|x86.ActiveCfg = Debug|Win32
		{57B027C7-A343-4C6F-9894-4BCE969CC767}.Debug|x86.Build.0 = Debug|Win32
		{57B027C7-A343-4C6F-9894-4BCE969CC767}.Release|x64.ActiveCfg = Release|x64
		{57B027C7-A343-4C6F-9894-4BCE969CC767}.Release|x64.Build.0 = Release|x64
		{57B027C7-A343-4C6F-9894-4BCE969CC767}.Release|x86.ActiveCfg = Release|Win32
		{57B027C7-A343-4C6F-9894-4BCE969CC767}.Release|x86.Build.0 = Release|Win32
		{F3C94BCB-0C03-4D0F-8F49-C37A038A8BBD}.Debug|x64.ActiveCfg = Debug|x64
		{F3C94BCB-0C03-4D0F-8F49-C37A038A8BBD}.Debug|x64.Build.0 = Debug|x64
		{F3C94BCB-0C03-4D0F-8F49-C37A038A8BBD}.Debug|x86.ActiveCfg = Debug|Win32
		{F3C94BCB-0C03-4D0F-8F49-C37A038A8BBD}.Debug|x86.Build.0 = Debug|Win32
		{F3C94BCB-0C03-4D0F-8F49-C37A038A8BBD}.Release|x64.ActiveCfg = Release|x64
		{F3C94BCB-0C03-4D0F-8F49-C37A038A8BBD}.Release|x64.Build.0 = Release|x64
		{F3C94BCB-0C03-4D0F-8F49-C37A038A8BBD}.Release|x86.ActiveCfg = Release|Win32
		{F3C94BCB-0C03-4D0F-8F49-C37A038A8BBD}.Release|x86.Build.0 = Release|Win32
		{AFD3743A-DA6F-42BF-A6C5-1C62EC3C0555}.Debug|x64.ActiveCfg = Debug|x64
		{AFD3743A-DA6F-42BF-A6C5-1C62EC3C0555}.Debug|x64.Build.0 = Debug|x64
		{AFD3743A-DA6F-42BF-A6C5-1C62EC3C0555}.Debug|x86.ActiveCfg = Debug|Win32
		{AFD3743A-DA6F-42BF-A6C5-1C62EC3C0555}.Debug|x86.Build.0 = Debug|Win32
		{AFD3743A-DA6F-42BF-A6C5-1C62EC3C0555}.Release|x64.ActiveCfg = Release|x64
		{AFD3743A-DA6F-42BF-A6C5-1C62EC3C0555}.Release|x64.Build.0 = Release|x64
		{AFD3743A-DA6F-42BF-A6C5-1C62EC3C0555}.Release|x86.ActiveCfg = Release|Win32
		{AFD3743A-DA6F-42BF-A6C5-1C62EC3C0555}.Release|x86.Build.0 = Release|Win32
		{CF2C4E83-2008-4B01-9CDE-4F46EBD77E30}.Debug|x64.ActiveCfg = Debug|x64
		{CF2C4E83-2008-4B01-9CDE-4F46EBD77E30}.Debug|x64.Build.0 = Debug|x64
		{CF2C4E83-2008-4B01-9CDE-4F46EBD77E30}.Debug|x86.ActiveCfg = Debug|Win32
		{CF2C4E83-2008-4B01-9CDE-4F46EBD77E30}.Debug|x86.Build.0 = Debug|Win32
		{CF2C4E83-2008-4B01-9CDE-4F46EBD77E30}.Release|x64.ActiveCfg = Release|x64
		{CF2C4E83-2008-4B01-9CDE-4F46EBD77E30}.Release|x64.Build.0 = Release|x64
		{CF2C4E83-2008-4B01-9CDE-4F46EBD77E30}.Release|x86.ActiveCfg = Release|Win32
		{CF2C4E83-2008-4B01-9CDE-4F46EBD77E30}.Release|x86.Build.0 = Release|Win32
		{C393B995-4308-40DD-807E-C72C7CCF16B9}.Debug|x64.ActiveCfg = Debug|x64
		{C393B995-4308-40DD-807E-C72C7CCF16B9}.Debug|x64.Build.0 = Debug|x64
		{C393B995-4308-40DD-807E-C72C7CCF16B9}.Debug|x86.ActiveCfg = Debug|Win32
		{C393B995-4308-40DD-807E-C72C7CCF16B9}.Debug|x86.Build.0 = Debug|Win32
		{C393B995-4308-40DD-807E-C72C7CCF16B9}.Release|x64.ActiveCfg = Release|x64
		{C393B995-4308-40DD-807E-C72C7CCF16B9}.Release|x64.Build.0 = Release|x64
		{C393B995-4308-40DD-807E-C72C7CCF16B9}.Release|x86.ActiveCfg = Release|Win32
		{C393B995-4308-40DD-807E-C72C7CCF16B9}.Release|x86.Build.0 = Release|Win32
		{0BF6E552-D38B-421E-BCE6-9DBC37096FCF}.Debug|x64.ActiveCfg = Debug|x64
		{0BF6E552-D38B-421E-BCE6-9DBC37096FCF}.Debug|x64.Build.0 = Debug|x64
		{0BF6E552-D38B-421E-BCE6-9DBC37096FCF}.Debug|x86.ActiveCfg = Debug|Win32
		{0BF6E552-D38B-421E-BCE6-9DBC37096FCF}.Debug|x86.Build.0 = Debug|Win32
		{0BF6E552-D38B-421E-BCE6-9DBC37096FCF}.Release|x64.ActiveCfg = Release|x64
		{0BF6E552-D38B-421E-BCE6-9DBC37096FCF}.Release|x64.Build.0 = Release|x64
		{0BF6E552-D38B-421E-BCE6-9DBC37096FCF}.Release|x86.ActiveCfg = Release|Win32
		{0BF6E552-D38B-421E-BCE6-9DBC37096FCF}.Release|x86.Build.0 = Release|Win32
		{3A70108F-B338-4233-A0CE-91D398B91B0A}.Debug|x64.ActiveCfg = Debug|x64
		{3A70108F-B338-4233-A0CE-91D398B91B0A}.Debug|x64.Build.0 = Debug|x64
		{3A70108F-B338-4233-A0CE-91D398B91B0A}.Debug|x86.ActiveCfg = Debug|Win32
		{3A70108F-B338-4233-A0CE-91D398B91B0A}.Debug|x86.Build.0 = Debug|Win32
		{3A70108F-B338-4233-A0CE-91D398B91B0A}.Release|x64.ActiveCfg = Release|x64
		{3A70108F-B338-4233-A0CE-91D398B91B0A}.Release|x64.Build.0 = Release|x64
		{3A70108F-B338-4233-A0CE-91D398B91B0A}.Release|x86.ActiveCfg = Release|Win32
		{3A70108F-B338-4233-A0CE-91D398B91B0A}.Release|x86.Build.0 = Release|Win32
		{5E9DFFA1-A9E5-4DB9-902A-12392596DD24}.Debug|x64.ActiveCfg = Debug|x64
		{5E9DFFA1-A9E5-4DB9-902A-12392596DD24}.Debug|x64.Build.0 = Debug|x64
		{5E9DFFA1-A9E5-4DB9-902A-12392596DD24}.Debug|x86.ActiveCfg = Debug|Win32
		{5E9DFFA1-A9E5-4DB9-902A-12392596DD24}.Debug|x86.Build.0 = Debug|Win32
		{5E9DFFA1-A9E5-4DB9-902A-12392596DD24}.Release|x64.ActiveCfg = Release|x64
		{5E9DFFA1-A9E5-4DB9-902A-12392596DD24}.Release|x64.Build.0 = Release|x64
		{5E9DFFA1-A9E5-4DB9-902A-12392596DD24}.Release|x86.ActiveCfg = Release|Win32
		{5E9DFFA1-A9E5-4DB9-902A-12392596DD24}.Release|x86.Build.0 = Release|Win32
		{F166F3E3-DC98-40B3-A241-94BB27714BD2}.Debug|x64.ActiveCfg = Debug|x64
		{F166F3E3-DC98-40B3-A241-94BB27714BD2}.Debug|x64.Build.0 = Debug|x64
		{F166F3E3-DC98-40B3-A241-94BB27714BD2}.Debug|x86.ActiveCfg = Debug|Win32
		{F166F3E3-DC98-40B3-A241-94BB27714BD2}.Debug|x86.Build.0 = Debug|Win32
		{F166F3E3-DC98-40B3-A241-94BB27714BD2}.Release|x64.ActiveCfg = Release|x64
		{F166F3E3-DC98-40B3-A241-94BB27714BD2}.Release|x64.Build.0 = Release|x64
		{F166F3E3-DC98-40B3-A241-94BB27714BD2}.Release|x86.ActiveCfg = Release|Win32
		{F166F3E3-DC98-40B3-A241-94BB27714BD2}.Release|x86.Build.0 = Release|Win32
		{2B75CDE8-935E-4252-B841-F1678506995A}.Debug|x64.ActiveCfg = Debug|x64
		{2B75CDE8-935E-4252-B841-F1678506995A}.Debug|x64.Build.0 = Debug|x64
		{2B75CDE8-935E-4252-B841-F1678506995A}.Debug|x86.ActiveCfg = Debug|Win32
		{2B75CDE8-935E-4252-B841-F1678506995A}.Debug|x86.Build.0 = Debug|Win32
		{2B75CDE8-935E-4252-B841-F1678506995A}.Release|x64.ActiveCfg = Release|x64
		{2B75CDE8-935E-4252-B841-F1678506995A}.Release|x64.Build.0 = Release|x64
		{2B75CDE8-935E-4252-B841-F1678506995A}.Release|x86.ActiveCfg = Release|Win32
		{2B75CDE8-935E-4252-B841-F1678506995A}.Release|x86.Build.0 = Release|Win32
		{BDB571B8-8342-4113-8B88-CC49BAF0BF33}.Debug|x64.ActiveCfg = Debug|x64
		{BDB571B8-8342-4113-8B88-CC49BAF0BF33}.Debug|x64.Build.0 = Debug|x64
		{BDB571B8-8342-4113-8B88-CC49BAF0BF33}.Debug|x86.ActiveCfg = Debug|Win32
		{BDB571B8-8342-4113-8B88-CC49BAF0BF33}.Debug|x86.Build.0 = Debug|Win32
		{BDB571B8-8342-4113-8B88-CC49BAF0BF33}.Release|x64.ActiveCfg = Release|x64
		{BDB571B8-8342-4113-8B88-CC49BAF0BF33}.Release|x64.Build.0 = Release|x64
		{BDB571B8-8342-4113-8B88-CC49BAF0BF33}.Release|x86.ActiveCfg = Release|Win32
		{BDB571B8-8342-4113-8B88-CC49BAF0BF33}.Release|x86.Build.0 = Release|Win32
		{2A35F1E7-80B3-42DB-884A-903B196088E9}.Debug|x64.ActiveCfg = Debug|x64
		{2A35F1E7-80B3-42DB-884A-903B196088E9}.Debug|x64.Build.0 = Debug|x64
		{2A35F1E7-80B3-42DB-884A-903B196088E9}.Debug|x86.ActiveCfg = Debug|Win32
		{2A35F1E7-80B3-42DB-884A-903B196088E9}.Debug|x86.Build.0 = Debug|Win32
		{2A35F1E7-80B3-42DB-884A-903B196088E9}.Release|x64.ActiveCfg = Release|x64
		{2A35F1E7-80B3-42DB-884A-903B196088E9}.Release|x64.Build.0 = Release|x64
		{2A35F1E7-80B3-42DB-884A-903B196088E9}.Release|x86.ActiveCfg = Release|Win32
		{2A35F1E7-80B3-42DB-884A-903B196088E9}.Release|x86.Build.0 = Release|Win32
		{B863D8DB-62C1-4558-8975-FE72AD108C6C}.Debug|x64.ActiveCfg = Debug|x64
		{B863D8DB-62C1-4558-8975-FE72AD108C6C}.Debug|x64.Build.0 = Debug|x64
		{B863D8DB-62C1-4558-8975-FE72AD108C6C}.Debug|x86.ActiveCfg = Debug|Win32
		{B863D8DB-62C1-4558-8975-FE72AD108C6C}.Debug|x86.Build.0 = Debug|Win32
		{B863D8DB-62C1-4558-8975-FE72AD108C6C}.Release|x64.ActiveCfg = Release|x64
		{B863D8DB-62C1-4558-8975-FE72AD108C6C}.Release|x64.Build.0 = Release|x64
		{B863D8DB-62C1-4558-8975-FE72AD108C6C}.Release|x86.ActiveCfg = Release|Win32
		{B863D8DB-62C1-4558-8975-FE72AD108C6C}.Release|x86.Build.0 = Release|Win32
		{24B9409F-29B3-4479-9AE8-75C0F7EDA57C}.Debug|x64.ActiveCfg = Debug|x64
		{24B9409F-29B3-4479-9AE8-75C0F7EDA57C}.Debug|x64.Build.0 = Debug|x64
		{24B9409F-29B3-4479-9AE8-75C0F7EDA57C}.Debug|x86.ActiveCfg = Debug|Win32
		{24B9409F-29B3-4479-9AE8-75C0F7EDA57C}.Debug|x86.Build.0 = Debug|Win32
		{24B9409F-29B3-4479-9AE8-75C0F7EDA57C}.Release|x64.ActiveCfg = Release|x64
		{24B9409F-29B3-4479-9AE8-75C0F7EDA57C}.Release|x64.Build.0 = Release|x64
		{24B9409F-29B3-4479-9AE8-75C0F7EDA57C}.Release|x86.ActiveCfg = Release|Win32
		{24B9409F-29B3-4479-9AE8-75C0F7EDA57C}.Release|x86.Build.0 = Release|Win32
		{3F4265DB-558A-435B-8961-4E6C008B4EBA}.Debug|x64.ActiveCfg = Debug|x64
		{3F4265DB-558A-435B-8961-4E6C008B4EBA}.Debug|x64.Build.0 = Debug|x64
		{3F4265DB-558A-435B-8961-4E6C008B4EBA}.Debug|x86.ActiveCfg = Debug|Win32
		{3F4265DB-558A-435B-8961-4E6C008B4EBA}.Debug|x86.Build.0 = Debug|Win32
		{3F4265DB-558A-435B-8961-4E6C008B4EBA}.Release|x64.ActiveCfg = Release|x64
		{3F4265DB-558A-435B-8961-4E6C008B4EBA}.Release|x64.Build.0 = Release|x64
		{3F4265DB-558A-435B-8961-4E6C008B4EBA}.Release|x86.ActiveCfg = Release|Win32
		{3F4265DB-558A-435B-8961-4E6C008B4EBA}.Release|x86.Build.0 = Release|Win32
		{95CB8ECE-1710-4364-B158-7B167B815F27}.Debug|x64.ActiveCfg = Debug|x64
		{95CB8ECE-1710-4364-B158-7B167B815F27}.Debug|x64.Build.0 = Debug|x64
		{95CB8ECE-1710-4364-B158-7B167B815F27}.Debug|x86.ActiveCfg = Debug|Win32
		{95CB8ECE-1710-4364-B158-7B167B815F27}.Debug|x86.Build.0 = Debug|Win32
		{95CB8ECE-1710-4364-B158-7B167B815F27}.Release|x64.ActiveCfg = Release|x64
		{95CB8ECE-1710-4364-B158-7B167B815F27}.Release|x64.Build.0 = Release|x64
		{95CB8ECE-1710-4364-B158-7B167B815F27}.Release|x86.ActiveCfg = Release|Win32
		{95CB8ECE-1710-4364-B158-7B167B815F27}.Release|x86.Build.0 = Release|Win32
		{91BD5CD6-8EBC-4B62-8784-2AA4AB013E0A}.Debug|x64.ActiveCfg = Debug|x64
		{91BD5CD6-8EBC-4B62-8784-2AA4AB013E0A}.Debug|x64.Build.0 = Debug|x64
		{91BD5CD6-8EBC-4B62-8784-2AA4AB013E0A}.Debug|x86.ActiveCfg = Debug|Win32
		{91BD5CD6-8EBC-4B62-8784-2AA4AB013E0A}.Debug|x86.Build.0 = Debug|Win32
		{91BD5CD6-8EBC-4B62-8784-2AA4AB013E0A}.Release|x64.ActiveCfg = Release|x64
		{91BD5CD6-8EBC-4B62-8784-2AA4AB013E0A}.Release|x64.Build.0 = Release|x64
		{91BD5CD6-8EBC-4B62-8784-2AA4AB013E0A}.Release|x86.ActiveCfg = Release|Win32
		{91BD5CD6-8EBC-4B62-8784-2AA4AB013E0A}.Release|x86.Build.0 = Release|Win32
		{3D9EA750-D7D9-4DB5-B644-93C93CA79361}.Debug|x64.ActiveCfg = Debug|x64
		{3D9EA750-D7D9-4DB5-B644-93C93CA79361}.Debug|x64.Build.0 = Debug|x64
		{3D9EA750-D7D9-4DB5-B644-93C93CA79361}.Debug|x86.ActiveCfg = Debug|Win32
		{3D9EA750-D7D9-4DB5-B644-93C93CA79361}.Debug|x86.Build.0 = Debug|Win32
		{3D9EA750-D7D9-4DB5-B644-93C93CA79361}.Release|x64.ActiveCfg = Release|x64
		{3D9EA750-D7D9-4DB5-B644-93C93CA79361}.Release|x64.Build.0 = Release|x64
		{3D9EA750-D7D9-4DB5-B644-93C93CA79361}.Release|x86.ActiveCfg = Release|Win32
		{3D9EA750-D7D9-4DB5-B644-93C93CA79361}.Release|x86.Build.0 = Release|Win32
		{BCE03602-5AEC-403A-8FCC-9C1ABDFB9494}.Debug|x64.ActiveCfg = Debug|x64
		{BCE03602-5AEC-403A-8FCC-9C1ABDFB9494}.Debug|x64.Build.0 = Debug|x64
		{BCE03602-5AEC-403A-8FCC-9C1ABDFB9494}.Debug|x86.ActiveCfg = Debug|Win32
		{BCE03602-5AEC-403A-8FCC-9C1ABDFB9494}.Debug|x86.Build.0 = Debug|Win32
		{BCE03602-5AEC-403A-8FCC-9C1ABDFB9494}.Release|x64.ActiveCfg = Release|x64
		{BCE03602-5AEC-403A-8FCC-9C1ABDFB9494}.Release|x64.Build.0 = Release|x64
		{BCE03602-5AEC-403A-8FCC-9C1ABDFB9494}.Release|x86.ActiveCfg = Release|Win32
		{BCE03602-5AEC-403A-8FCC-9C1ABDFB9494}.Release|x86.Build.0 = Release|Win32
		{CC3AB044-F864-4FD9-BFFD-092EFDCF5144}.Debug|x64.ActiveCfg = Debug|x64
		{CC3AB044-F864-4FD9-BFFD-092EFDCF5144}.Debug|x64.Build.0 = Debug|x64
		{CC3AB044-F864-4FD9-BFFD-092EFDCF5144}.Debug|x86.ActiveCfg = Debug|Win32
		{CC3AB044-F864-4FD9-BFFD-092EFDCF5144}.Debug|x86.Build.0 = Debug|Win32
		{CC3AB044-F864-4FD9-BFFD-092EFDCF5144}.Release|x64.ActiveCfg = Release|x64
		{CC3AB044-F864-4FD9-BFFD-092EFDCF5144}.Release|x64.Build.0 = Release|x64
		{CC3AB044-F864-4FD9-BFFD-092EFDCF5144}.Release|x86.ActiveCfg = Release|Win32
		{CC3AB044-F864-4FD9-BFFD-092EFDCF5144}.Release|x86.Build.0 = Release|Win32
		{A9933C1A-7063-461A-B7DA-1B2CE019F337}.Debug|x64.ActiveCfg = Debug|x64
		{A9933C1A-7063-461A-B7DA-1B2CE019F337}.Debug|x64.Build.0 = Debug|x64
		{A9933C1A-7063-461A-B7DA-1B2CE019F337}.Debug|x86.ActiveCfg = Debug|Win32
		{A9933C1A-7063-461A-B7DA-1B2CE019F337}.Debug|x86.Build.0 = Debug|Win32
		{A9933C1A-7063-461A-B7DA-1B2CE019F337}.Release|x64.ActiveCfg = Release|x64
		{A9933C1A-7063-461A-B7DA-1B2CE019F337}.Release|x64.Build.0 = Release|x64
		{A9933C1A-7063-461A-B7DA-1B2CE019F337}.Release|x86.ActiveCfg = Release|Win32
		{A9933C1A-7063-461A-B7DA-1B2CE019F337}.Release|x86.Build.0 = Release|Win32
		{C5150A84-B85A-4C27-B639-05272235B32D}.Debug|x64.ActiveCfg = Debug|x64
		{C5150A84-B85A-4C27-B639-05272235B32D}.Debug|x64.Build.0 = Debug|x64
		{C5150A84-B85A-4C27-B639-05272235B32D}.Debug|x86.ActiveCfg = Debug|Win32
		{C5150A84-B85A-4C27-B639-05272235B32D}.Debug|x86.Build.0 = Debug|Win32
		{C5150A84-B85A-4C27-B639-05272235B32D}.Release|x64.ActiveCfg = Release|x64
		{C5150A84-B85A-4C27-B639-05272235B32D}.Release|x64.Build.0 = Release|x64
		{C5150A84-B85A-4C27-B639-05272235B32D}.Release|x86.ActiveCfg = Release|Win32
		{C5150A84-B85A-4C27-B639-05272235B32D}.Release|x86.Build.0 = Release|Win32
		{2B3B8820-C9DB-436D-9292-7C82F2BE07CE}.Debug|x64.ActiveCfg = Debug|x64
		{2B3B8820-C9DB-436D-9292-7C82F2BE07CE}.Debug|x64.Build.0 = Debug|x64
		{2B3B8820-C9DB-436D-9292-7C82F2BE07CE}.Debug|x86.ActiveCfg = Debug|Win32
		{2B3B8820-C9DB-436D-9292-7C82F2BE07CE}.Debug|x86.Build.0 = Debug|Win32
		{2B3B8820-C9DB-436D-9292-7C82F2BE07CE}.Release|x64.ActiveCfg = Release|x64
		{2B3B8820-C9DB-436D-9292-7C82F2BE07CE}.Release|x64.Build.0 = Release|x64
		{2B3B8820-C9DB-436D-9292-7C82F2BE07CE}.Release|x86.ActiveCfg = Release|Win32
		{2B3B8820-C9DB-436D-9292-7C82F2BE07CE}.Release|x86.Build.0 = Release|Win32
		{09F2F2AC-9410-4FC6-AD17-A277D595CE65}.Debug|x64.ActiveCfg = Debug|x64
		{09F2F2AC-9410-4FC6-AD17-A277D595CE65}.Debug|x64.Build.0 = Debug|x64
		{09F2F2AC-9410-4FC6-AD17-A277D595CE65}.Debug|x86.ActiveCfg = Debug|Win32
		{09F2F2AC-9410-4FC6-AD17-A277D595CE65}.Debug|x86.Build.0 = Debug|Win32
		{09F2F2AC-9410-4FC6-AD17-A277D595CE65}.Release|x64.ActiveCfg = Release|x64
		{09F2F2AC-9410-4FC6-AD17-A277D595CE65}.Release|x64.Build.0 = Release|x64
		{09F2F2AC-9410-4FC6-AD17-A277D595CE65}.Release|x86.ActiveCfg = Release|Win32
		{09F2F2AC-9410-4FC6-AD17-A277D595CE65}.Release|x86.Build.0 = Release|Win32
		{8837AA7B-20C7-480E-9C40-F3B80E4D9467}.Debug|x64.ActiveCfg = Debug|x64
		{8837AA7B-20C7-480E-9C40-F3B80E4D9467}.Debug|x64.Build.0 = Debug|x64
		{8837AA7B-20C7-480E-9C40-F3B80E4D9467}.Debug|x86.ActiveCfg = Debug|Win32
		{8837AA7B-20C7-480E-9C40-F3B80E4D9467}.Debug|x86.Build.0 = Debug|Win32
		{8837AA7B-20C7-480E-9C40-F3B80E4D9467}.Release|x64.ActiveCfg = Release|x64
		{8837AA7B-20C7-480E-9C40-F3B80E4D9467}.Release|x64.Build.0 = Release|x64
		{8837AA7B-20C7-480E-9C40-F3B80E4D9467}.Release|x86.ActiveCfg = Release|Win32
		{8837AA7B-20C7-480E-9C40-F3B80E4D9467}.Release|x86.Build.0 = Release|Win32
		{9AF92B42-77C3-425E-A34B-1E2916A4E220}.Debug|x64.ActiveCfg = Debug|x64
		{9AF92B42-77C3-425E-A34B-1E2916A4E220}.Debug|x64.Build.0 = Debug|x64
		{9AF92B42-77C3-425E-A34B-1E2916A4E220}.Debug|x86.ActiveCfg = Debug|Win32
		{9AF92B42-77C3-425E-A34B-1E2916A4E220}.Debug|x86.Build.0 = Debug|Win32
		{9AF92B42-77C3-425E-A34B-1E2916A4E220}.Release|x64.ActiveCfg = Release|x64
		{9AF92B42-77C3-425E-A34B-1E2916A4E220}.Release|x64.Build.0 = Release|x64
		{9AF92B42-77C3-425E-A34B-1E2916A4E220}.Release|x86.ActiveCfg = Release|Win32
		{9AF92B42-77C3-425E-A34B-1E2916A4E220}.Release|x86.Build.0 = Release|Win32
		{5078F047-E6A5-4DA2-A205-FCF268277DFF}.Debug|x64.ActiveCfg = Debug|x64
		{5078F047-E6A5-4DA2-A205-FCF268277DFF}.Debug|x64.Build.0 = Debug|x64
		{5078F047-E6A5-4DA2-A205-FCF268277DFF}.Debug|x86.ActiveCfg = Debug|Win32
		{5078F047-E6A5-4DA2-A205-FCF268277DFF}.Debug|x86.Build.0 = Debug|Win32
		{5078F047-E6A5-4DA2-A205-FCF268277DFF}.Release|x64.ActiveCfg = Release|x64
		{5078F047-E6A5-4DA2-A205-FCF268277DFF}.Release|x64.Build.0 = Release|x64
		{5078F047-E6A5-4DA2-A205-FCF268277DFF}.Release|x86.ActiveCfg = Release|Win32
		{5078F047-E6A5-4DA2-A205-FCF268277DFF}.Release|x86.Build.0 = Release|Win32
		{227391F2-B1E1-4003-8F45-6C04998E810D}.Debug|x64.ActiveCfg = Debug|x64
		{227391F2-B1E1-4003-8F45-6C04998E810D}.Debug|x64.Build.0 = Debug|x64
		{227391F2-B1E1-4003-8F45-6C04998E810D}.Debug|x86.ActiveCfg = Debug|Win32
		{227391F2-B1E1-4003-8F45-6C04998E810D}.Debug|x86.Build.0 = Debug|Win32
		{227391F2-B1E1-4003-8F45-6C04998E810D}.Release|x64.ActiveCfg = Release|x64
		{227391F2-B1E1-4003-8F45-6C04998E810D}.Release|x64.Build.0 = Release|x64
		{227391F2-B1E1-4003-8F45-6C04998E810D}.Release|x86.ActiveCfg = Release|Win32
		{227391F2-B1E1-4003-8F45-6C04998E810D}.Release|x86.Build.0 = Release|Win32
		{06AB3604-8A1E-4645-9121-C3BC5113E56B}.Debug|x64.ActiveCfg = Debug|x64
		{06AB3604-8A1E-4645-9121-C3BC5113E56B}.Debug|x64.Build.0 = Debug|x64
		{06AB3604-8A1E-4645-9121-C3BC5113E56B}.Debug|x86.ActiveCfg = Debug|Win32
		{06AB3604-8A1E-4645-9121-C3BC5113E56B}.Debug|x86.Build.0 = Debug|Win32
		{06AB3604-8A1E-4645-9121-C3BC5113E56B}.Release|x64.ActiveCfg = Release|x64
		{06AB3604-8A1E-4645-9121-C3BC5113E56B}.Release|x64.Build.0 = Release|x64
		{06AB3604-8A1E-4645-9121-C3BC5113E56B}.Release|x86.ActiveCfg = Release|Win32
		{06AB3604-8A1E-4645-9121-C3BC5113E56B}.Release|x86.Build.0 = Release|Win32
		{93140B08-9F4D-4059-895B-ADAAD2BDC881}.Debug|x64.ActiveCfg = Debug|x64
		{93140B08-9F4D-4059-895B-ADAAD2BDC881}.Debug|x64.Build.0 = Debug|x64
		{93140B08-9F4D-4059-895B-ADAAD2BDC881}.Debug|x86.ActiveCfg = Debug|Win32
		{93140B08-9F4D-4059-895B-ADAAD2BDC881}.Debug|x86.Build.0 = Debug|Win32
		{93140B08-9F4D-4059-895B-ADAAD2BDC881}.Release|x64.ActiveCfg = Release|x64
		{93140B08-9F4D-4059-895B-ADAAD2BDC881}.Release|x64.Build.0 = Release|x64
		{93140B08-9F4D-4059-895B-ADAAD2BDC881}.Release|x86.ActiveCfg = Release|Win32
		{93140B08-9F4D-4059-895B-ADAAD2BDC881}.Release|x86.Build.0 = Release|Win32
		{CA4CB22C-D5FD-4570-BFDD-414AEC482CD1}.Debug|x64.ActiveCfg = Debug|x64
		{CA4CB22C-D5FD-4570-BFDD-414AEC482CD1}.Debug|x64.Build.0 = Debug|x64
		{CA4CB22C-D5FD-4570-BFDD-414AEC482CD1}.Debug|x86.ActiveCfg = Debug|Win32
		{CA4CB22C-D5FD-4570-BFDD-414AEC482CD1}.Debug|x86.Build.0 = Debug|Win32
		{CA4CB22C-D5FD-4570-BFDD-414AEC482CD1}.Release|x64.ActiveCfg = Release|x64
		{CA4CB22C-D5FD-4570-BFDD-414AEC482CD1}.Release|x64.Build.0 = Release|x64
		{CA4CB22C-D5FD-4570-BFDD-414AEC482CD1}.Release|x86.ActiveCfg = Release|Win32
		{CA4CB22C-D5FD-4570-BFDD-414AEC482CD1}.Release|x86.Build.0 = Release|Win32
		{37B54B9C-BBCA-4E6F-8B9C-62532B3A69E5}.Debug|x64.ActiveCfg = Debug|x64
		{37B54B9C-BBCA-4E6F-8B9C-62532B3A69E5}.Debug|x64.Build.0 = Debug|x64
		{37B54B9C-BBCA-4E6F-8B9C-62532B3A69E5}.Debug|x86.ActiveCfg = Debug|Win32
		{37B54B9C-BBCA-4E6F-8B9C-62532B3A69E5}.Debug|x86.Build.0 = Debug|Win32
		{37B54B9C-BBCA-4E6F-8B9C-62532B3A69E5}.Release|x64.ActiveCfg = Release|x64
		{37B54B9C-BBCA-4E6F-8B9C-62532B3A69E5}.Release|x64.Build.0 = Release|x64
		{37B54B9C-BBCA-4E6F-8B9C-62532B3A69E5}.Release|x86.ActiveCfg = Release|Win32
		{37B54B9C-BBCA-4E6F-8B9C-62532B3A69E5}.Release|x86.Build.0 = Release|Win32
		{5B28EB32-C883-421B-8130-ED559B0C18D9}.Debug|x64.ActiveCfg = Debug|x64
		{5B28EB32-C883-421B-8130-ED559B0C18D9}.Debug|x64.Build.0 = Debug|x64
		{5B28EB32-C883-421B-8130-ED559B0C18D9}.Debug|x86.ActiveCfg = Debug|Win32
		{5B28EB32-C883-421B-8130-ED559B0C18D9}.Debug|x86.Build.0 = Debug|Win32
		{5B28EB32-C883-421B-8130-ED559B0C18D9}.Release|x64.ActiveCfg = Release|x64
		{5B28EB32-C883-421B-8130-ED559B0C18D9}.Release|x64.Build.0 = Release|x64
		{5B28EB32-C883-421B-8130-ED559B0C18D9}.Release|x86.ActiveCfg = Release|Win32
		{5B28EB32-C883-421B-8130-ED559B0C18D9}.Release|x86.Build.0 = Release|Win32
		{C5811FDA-0EA5-4682-8912-76003ACF8D54}.Debug|x64.ActiveCfg = Debug|x64
		{C5811FDA-0EA5-4682-8912-76003ACF8D54}.Debug|x64.Build.0 = Debug|x64
		{C5811FDA-0EA5-4682-8912-76003ACF8D54}.Debug|x86.ActiveCfg = Debug|Win32
		{C5811FDA-0EA5-4682-8912-76003ACF8D54}.Debug|x86.Build.0 = Debug|Win32
		{C5811FDA-0EA5-4682-8912-76003ACF8D54}.Release|x64.ActiveCfg = Release|x64
		{C5811FDA-0EA5-4682-8912-76003ACF8D54}.Release|x64.Build.0 = Release|x64
		{C5811FDA-0EA5-4682-8912-76003ACF8D54}.Release|x86.ActiveCfg = Release|Win32
		{C5811FDA-0EA5-4682-8912-76003ACF8D54}.Release|x86.Build.0 = Release|Win32
		{D6302F2F-EB8B-420A-9F6E-994C05A58E6B}.Debug|x64.ActiveCfg = Debug|x64
		{D6302F2F-EB8B-420A-9F6E-994C05A58E6B}.Debug|x64.Build.0 = Debug|x64
		{D6302F2F-EB8B-420A-9F6E-994C05A58E6B}.Debug|x86.ActiveCfg = Debug|Win32
		{D6302F2F-EB8B-420A-9F6E-994C05A58E6B}.Debug|x86.Build.0 = Debug|Win32
		{D6302F2F-EB8B-420A-9F6E-994C05A58E6B}.Release|x64.ActiveCfg = Release|x64
		{D6302F2F-EB8B-420A-9F6E-994C05A58E6B}.Release|x64.Build.0 = Release|x64
		{D6302F2F-EB8B-420A-9F6E-994C05A58E6B}.Release|x86.ActiveCfg = Release|Win32
		{D6302F2F-EB8B-420A-9F6E-994C05A58E6B}.Release|x86.Build.0 = Release|Win32
		{B3C5FC0E-B290-4009-AF0F-705AA843D9FD}.Debug|x64.ActiveCfg = Debug|x64
		{B3C5FC0E-B290-4009-AF0F-705AA843D9FD}.Debug|x64.Build.0 = Debug|x64
		{B3C5FC0E-B290-4009-AF0F-705AA843D9FD}.Debug|x86.ActiveCfg = Debug|Win32
		{B3C5FC0E-B290-4009-AF0F-705AA843D9FD}.Debug|x86.Build.0 = Debug|Win32
		{B3C5FC0E-B290-4009-AF0F-705AA843D9FD}.Release|x64.ActiveCfg = Release|x64
		{B3C5FC0E-B290-4009-AF0F-705AA843D9FD}.Release|x64.Build.0 = Release|x64
		{B3C5FC0E-B290-4009-AF0F-705AA843D9FD}.Release|x86.ActiveCfg = Release|Win32
		{B3C5FC0E-B290-4009-AF0F-705AA843D9FD}.Release|x86.Build.0 = Release|Win32
		{C517887F-5DF8-4FF4-81ED-1B0FC9C67877}.Debug|x64.ActiveCfg = Debug|x64
		{C517887F-5DF8-4FF4-81ED-1B0FC9C67877}.Debug|x64.Build.0 = Debug|x64
		{C517887F-5DF8-4FF4-81ED-1B0FC9C67877}.Debug|x86.ActiveCfg = Debug|Win32
		{C517887F-5DF8-4FF4-81ED-1B0FC9C67877}.Debug|x86.Build.0 = Debug|Win32
		{C517887F-5DF8-4FF4-81ED-1B0FC9C67877}.Release|x64.ActiveCfg = Release|x64
		{C517887F-5DF8-4FF4-81ED-1B0FC9C67877}.Release|x64.Build.0 = Release|x64
		{C517887F-5DF8-4FF4-81ED-1B0FC9C67877}.Release|x86.ActiveCfg = Release|Win32
		{C517887F-5DF8-4FF4-81ED-1B0FC9C67877}.Release|x86.Build.0 = Release|Win32
		{1E4E827D-E0DE-4A9E-A293-7BE028B14F9C}.Debug|x64.ActiveCfg = Debug|x64
		{1E4E827D-E0DE-4A9E-A293-7BE028B14F9C}.Debug|x64.Build.0 = Debug|x64
		{1E4E827D-E0DE-4A9E-A293-7BE028B14F9C}.Debug|x86.ActiveCfg = Debug|Win32
		{1E4E827D-E0DE-4A9E-A293-7BE028B14F9C}.Debug|x86.Build.0 = Debug|Win32
		{1E4E827D-E0DE-4A9E-A293-7BE028B14F9C}.Release|x64.ActiveCfg = Release|x64
		{1E4E827D-E0DE-4A9E-A293-7BE028B14F9C}.Release|x64.Build.0 = Release|x64
		{1E4E827D-E0DE-4A9E-A293-7BE028B14F9C}.Release|x86.ActiveCfg = Release|Win32
		{1E4E827D-E0DE-4A9E-A293-7BE028B14F9C}.Release|x86.Build.0 = Release|Win32
		{064CBAFB-C8C2-435B-8E17-FE2C8406F5FB}.Debug|x64.ActiveCfg = Debug|x64
		{064CBAFB-C8C2-435B-8E17-FE2C8406F5FB}.Debug|x64.Build.0 = Debug|x64
		{064CBAFB-C8C2-435B-8E17-FE2C8406F5FB}.Debug|x86.ActiveCfg = Debug|Win32
		{064CBAFB-C8C2-435B-8E17-FE2C8406F5FB}.Debug|x86.Build.0 = Debug|Win32
		{064CBAFB-C8C2-435B-8E17-FE2C8406F5FB}.Release|x64.ActiveCfg = Release|x64
		{064CBAFB-C8C2-435B-8E17-FE2C8406F5FB}.Release|x64.Build.0 = Release|x64
		{064CBAFB-C8C2-435B-8E17-FE2C8406F5FB}.Release|x86.ActiveCfg = Release|Win32
		{064CBAFB-C8C2-435B-8E17-FE2C8406F5FB}.Release|x86.Build.0 = Release|Win32
		{F1B8662E-A2DB-4B60-9542-A89BDCD958B2}.Debug|x64.ActiveCfg = Debug|x64
		{F1B8662E-A2DB-4B60-9542-A89BDCD958B2}.Debug|x64.Build.0 = Debug|x64
		{F1B8662E-A2DB-4B60-9542-A89BDCD958B2}.Debug|x86.ActiveCfg = Debug|Win32
		{F1B8662E-A2DB-4B60-9542-A89BDCD958B2}.Debug|x86.Build.0 = Debug|Win32
		{F1B8662E-A2DB-4B60-9542-A89BDCD958B2}.Release|x64.ActiveCfg = Release|x64
		{F1B8662E-A2DB-4B60-9542-A89BDCD958B2}.Release|x64.Build.0 = Release|x64
		{F1B8662E-A2DB-4B60-9542-A89BDCD958B2}.Release|x86.ActiveCfg = Release|Win32
		{F1B8662E-A2DB-4B60-9542-A89BDCD958B2}.Release|x86.Build.0 = Release|Win32
		{0A779E25-D1C1-4771-8793-3EF007D61789}.Debug|x64.ActiveCfg = Debug|x64
		{0A779E25-D1C1-4771-8793-3EF007D61789}.Debug|x64.Build.0 = Debug|x64
		{0A779E25-D1C1-4771-8793-3EF007D61789}.Debug|x86.ActiveCfg = Debug|Win32
		{0A779E25-D1C1-4771-8793-3EF007D61789}.Debug|x86.Build.0 = Debug|Win32
		{0A779E25-D1C1-4771-8793-3EF007D61789}.Release|x64.ActiveCfg = Release|x64
		{0A779E25-D1C1-4771-8793-3EF007D61789}.Release|x64.Build.0 = Release|x64
		{0A779E25-D1C1-4771-8793-3EF007D61789}.Release|x86.ActiveCfg = Release|Win32
		{0A779E25-D1C1-4771-8793-3EF007D61789}.Release|x86.Build.0 = Release|Win32
		{062A77FE-6192-4D2F-A14E-BB614FE471D5}.Debug|x64.ActiveCfg = Debug|x64
		{062A77FE-6192-4D2F-A14E-BB614FE471D5}.Debug|x64.Build.0 = Debug|x64
		{062A77FE-6192-4D2F-A14E-BB614FE471D5}.Debug|x86.ActiveCfg = Debug|Win32
		{062A77FE-6192-4D2F-A14E-BB614FE471D5}.Debug|x86.Build.0 = Debug|Win32
		{062A77FE-6192-4D2F-A14E-BB614FE471D5}.Release|x64.ActiveCfg = Release|x64
		{062A77FE-6192-4D2F-A14E-BB614FE471D5}.Release|x64.Build.0 = Release|x64
		{062A77FE-6192-4D2F-A14E-BB614FE471D5}.Release|x86.ActiveCfg = Release|Win32
		{062A77FE-6192-4D2F-A14E-BB614FE471D5}.Release|x86.Build.0 = Release|Win32
		{37F6C8B8-1342-4A0C-AAB6-EAEA2BE9DE9D}.Debug|x64.ActiveCfg = Debug|x64
		{37F6C8B8-1342-4A0C-AAB6-EAEA2BE9DE9D}.Debug|x64.Build.0 = Debug|x64
		{37F6C8B8-1342-4A0C-AAB6-EAEA2BE9DE9D}.Debug|x86.ActiveCfg = Debug|Win32
		{37F6C8B8-1342-4A0C-AAB6-EAEA2BE9DE9D}.Debug|x86.Build.0 = Debug|Win32
		{37F6C8B8-1342-4A0C-AAB6-EAEA2BE9DE9D}.Release|x64.ActiveCfg = Release|x64
		{37F6C8B8-1342-4A0C-AAB6-EAEA2BE9DE9D}.Release|x64.Build.0 = Release|x64
		{37F6C8B8-1342-4A0C-AAB6-EAEA2BE9DE9D}.Release|x86.ActiveCfg = Release|Win32
		{37F6C8B8-1342-4A0C-AAB6-EAEA2BE9DE9D}.Release|x86.Build.0 = Release|Win32
		{D026E04E-4DB1-417F-A581-FBC6F3C03AD2}.Debug|x64.ActiveCfg = Debug|x64
		{D026E04E-4DB1-417F-A581-FBC6F3C03AD2}.Debug|x64.Build.0 = Debug|x64
		{D026E04E-4DB1-417F-A581-FBC6F3C03AD2}.Debug|x86.ActiveCfg = Debug|Win32
		{D026E04E-4DB1-417F-A581-FBC6F3C03AD2}.Debug|x86.Build.0 = Debug|Win32
		{D026E04E-4DB1-417F-A581-FBC6F3C03AD2}.Release|x64.ActiveCfg = Release|x64
		{D026E04E-4DB1-417F-A581-FBC6F3C03AD2}.Release|x64.Build.0 = Release|x64
		{D026E04E-4DB1-417F-A581-FBC6F3C03AD2}.Release|x86.ActiveCfg = Release|Win32
		{D026E04E-4DB1-417F-A581-FBC6F3C03AD2}.Release|x86.Build.0 = Release|Win32
		{E6D2FC18-D432-44BD-B709-195BAD1051A8}.Debug|x64.ActiveCfg = Debug|x64
		{E6D2FC18-D432-44BD-B709-195BAD1051A8}.Debug|x64.Build.0 = Debug|x64
		{E6D2FC18-D432-44BD-B709-195BAD1051A8}.Debug|x86.ActiveCfg = Debug|Win32
		{E6D2FC18-D432-44BD-B709-195BAD1051A8}.Debug|x86.Build.0 = Debug|Win32
		{E6D2FC18-D432-44BD-B709-195BAD1051A8}.Release|x64.ActiveCfg = Release|x64
		{E6D2FC18-D432-44BD-B709-195BAD1051A8}.Release|x64.Build.0 = Release|x64
		{E6D2FC18-D432-44BD-B709-195BAD1051A8}.Release|x86.ActiveCfg = Release|Win32
		{E6D2FC18-D432-44BD-B709-195BAD1051A8}.Release|x86.Build.0 = Release|Win32
		{82370317-CAC5-45CA-B241-8DE5B27BBCC4}.Debug|x64.ActiveCfg = Debug|x64
		{82370317-CAC5-45CA-B241-8DE5B27BBCC4}.Debug|x64.Build.0 = Debug|x64
		{82370317-CAC5-45CA-B241-8DE5B27BBCC4}.Debug|x86.ActiveCfg = Debug|Win32
		{82370317-CAC5-45CA-B241-8DE5B27BBCC4}.Debug|x86.Build.0 = Debug|Win32
		{82370317-CAC5-45CA-B241-8DE5B27BBCC4}.Release|x64.ActiveCfg = Release|x64
		{82370317-CAC5-45CA-B241-8DE5B27BBCC4}.Release|x64.Build.0 = Release|x64
		{82370317-CAC5-45CA-B241-8DE5B27BBCC4}.Release|x86.ActiveCfg = Release|Win32
		{82370317-CAC5-45CA-B241-8DE5B27BBCC4}.Release|x86.Build.0 = Release|Win32
		{45114B7E-1104-42F8-9FDC-6B8AFCB3A79F}.Debug|x64.ActiveCfg = Debug|x64
		{45114B7E-1104-42F8-9FDC-6B8AFCB3A79F}.Debug|x64.Build.0 = Debug|x64
		{45114B7E-1104-42F8-9FDC-6B8AFCB3A79F}.Debug|x86.ActiveCfg = Debug|Win32
		{45114B7E-1104-42F8-9FDC-6B8AFCB3A79F}.Debug|x86.Build.0 = Debug|Win32
		{45114B7E-1104-42F8-9FDC-6B8AFCB3A79F}.Release|x64.ActiveCfg = Release|x64
		{45114B7E-1104-42F8-9FDC-6B8AFCB3A79F}.Release|x64.Build.0 = Release|x64
		{45114B7E-1104-42F8-9FDC-6B8AFCB3A79F}.Release|x86.ActiveCfg = Release|Win32
		{45114B7E-1104-42F8-9FDC-6B8AFCB3A79F}.Release|x86.Build.0 = Release|Win32
		{3132A8E0-0581-436E-9231-E7AE591BB7BD}.Debug|x64.ActiveCfg = Debug|x64
		{3132A8E0-0581-436E-9231-E7AE591BB7BD}.Debug|x64.Build.0 = Debug|x64
		{3132A8E0-0581-436E-9231-E7AE591BB7BD}.Debug|x86.ActiveCfg = Debug|Win32
		{3132A8E0-0581-436E-9231-E7AE591BB7BD}.Debug|x86.Build.0 = Debug|Win32
		{3132A8E0-0581-436E-9231-E7AE591BB7BD}.Release|x64.ActiveCfg = Release|x64
		{3132A8E0-0581-436E-9231-E7AE591BB7BD}.Release|x64.Build.0 = Release|x64
		{3132A8E0-0581-436E-9231-E7AE591BB7BD}.Release|x86.ActiveCfg = Release|Win32
		{3132A8E0-0581-436E-9231-E7AE591BB7BD}.Release|x86.Build.0 = Release|Win32
		{BDA063CB-911E-4471-9235-979FD5BFB760}.Debug|x64.ActiveCfg = Debug|x64
		{BDA063CB-911E-4471-9235-979FD5BFB760}.Debug|x64.Build.0 = Debug|x64
		{BDA063CB-911E-4471-9235-979FD5BFB760}.Debug|x86.ActiveCfg = Debug|Win32
		{BDA063CB-911E-4471-9235-979FD5BFB760}.Debug|x86.Build.0 = Debug|Win32
		{BDA063CB-911E-4471-9235-979FD5BFB760}.Release|x64.ActiveCfg = Release|x64
		{BDA063CB-911E-4471-9235-979FD5BFB760}.Release|x64.Build.0 = Release|x64
		{BDA063CB-911E-4471-9235-979FD5BFB760}.Release|x86.ActiveCfg = Release|Win32
		{BDA063CB-911E-4471-9235-979FD5BFB760}.Release|x86.Build.0 = Release|Win32
		{7742CFA1-59AB-46A9-9ECE-C4840E7DC595}.Debug|x64.ActiveCfg = Debug|x64
		{7742CFA1-59AB-46A9-9ECE-C4840E7DC595}.Debug|x64.Build.0 = Debug|x64
		{7742CFA1-59AB-46A9-9ECE-C4840E7DC595}.Debug|x86.ActiveCfg = Debug|Win32
		{7742CFA1-59AB-46A9-9ECE-C4840E7DC595}.Debug|x86.Build.0 = Debug|Win32
		{7742CFA1-59AB-46A9-9ECE-C4840E7DC595}.Release|x64.ActiveCfg = Release|x64
		{7742CFA1-59AB-46A9-9ECE-C4840E7DC595}.Release|x64.Build.0 = Release|x64
		{7742CFA1-59AB-46A9-9ECE-C4840E7DC595}.Release|x86.ActiveCfg = Release|Win32
		{7742CFA1-59AB-46A9-9ECE-C4840E7DC595}.Release|x86.Build.0 = Release|Win32
		{F57D0EE1-1ADF-42D9-99AD-06D4A41BE283}.Debug|x64.ActiveCfg = Debug|x64
		{F57D0EE1-1ADF-42D9-99AD-06D4A41BE283}.Debug|x64.Build.0 = Debug|x64
		{F57D0EE1-1ADF-42D9-99AD-06D4A41BE283}.Debug|x86.ActiveCfg = Debug|Win32
		{F57D0EE1-1ADF-42D9-99AD-06D4A41BE283}.Debug|x86.Build.0 = Debug|Win32
		{F57D0EE1-1ADF-42D9-99AD-06D4A41BE283}.Release|x64.ActiveCfg = Release|x64
		{F57D0EE1-1ADF-42D9-99AD-06D4A41BE283}.Release|x64.Build.0 = Release|x64
		{F57D0EE1-1ADF-42D9-99AD-06D4A41BE283}.Release|x86.ActiveCfg = Release|Win32
		{F57D0EE1-1ADF-42D9-99AD-06D4A41BE283}.Release|x86.Build.0 = Release|Win32
		{33EC76DF-3A5C-496F-BAFB-C4B74CED9C05}.Debug|x64.ActiveCfg = Debug|x64
		{33EC76DF-3A5C-496F-BAFB-C4B74CED9C05}.Debug|x64.Build.0 = Debug|x64
		{33EC76DF-3A5C-496F-BAFB-C4B74CED9C05}.Debug|x86.ActiveCfg = Debug|Win32
		{33EC76DF-3A5C-496F-BAFB-C4B74CED9C05}.Debug|x86.Build.0 = Debug|Win32
		{33EC76DF-3A5C-496F-BAFB-C4B74CED9C05}.Release|x64.ActiveCfg = Release|x64
		{33EC76DF-3A5C-496F-BAFB-C4B74CED9C05}.Release|x64.Build.0 = Release|x64
		{33EC76DF-3A5C-496F-BAFB-C4B74CED9C05}.Release|x86.ActiveCfg = Release|Win32
		{33EC76DF-3A5C-496F-BAFB-C4B74CED9C05}.Release|x86.Build.0 = Release|Win32
		{94BDC2C1-B947-4652-A005-25B3F7D70A2A}.Debug|x64.ActiveCfg = Debug|x64
		{94BDC2C1-B947-4652-A005-25B3F7D70A2A}.Debug|x64.Build.0 = Debug|x64
		{94BDC2C1-B947-4652-A005-25B3F7D70A2A}.Debug|x86.ActiveCfg = Debug|Win32
		{94BDC2C1-B947-4652-A005-25B3F7D70A2A}.Debug|x86.Build.0 = Debug|Win32
		{94BDC2C1-B947-4652-A005-25B3F7D70A2A}.Release|x64.ActiveCfg = Release|x64
		{94BDC2C1-B947-4652-A005-25B3F7D70A2A}.Release|x64.Build.0 = Release|x64
		{94BDC2C1-B947-4652-A005-25B3F7D70A2A}.Release|x86.ActiveCfg = Release|Win32
		{94BDC2C1-B947-4652-A005-25B3F7D70A2A}.Release|x86.Build.0 = Release|Win32
		{778A853D-0920-4CA4-A1A3-BFCB2203D2AD}.Debug|x64.ActiveCfg = Debug|x64
		{778A853D-0920-4CA4-A1A3-BFCB2203D2AD}.Debug|x64.Build.0 = Debug|x64
		{778A853D-0920-4CA4-A1A3-BFCB2203D2AD}.Debug|x86.ActiveCfg = Debug|Win32
		{778A853D-0920-4CA4-A1A3-BFCB2203D2AD}.Debug|x86.Build.0 = Debug|Win32
		{778A853D-0920-4CA4-A1A3-BFCB2203D2AD}.Release|x64.ActiveCfg = Release|x64
		{778A853D-0920-4CA4-A1A3-BFCB2203D2AD}.Release|x64.Build.0 = Release|x64
		{778A853D-0920-4CA4-A1A3-BFCB2203D2AD}.Release|x86.ActiveCfg = Release|Win32
		{778A853D-0920-4CA4-A1A3-BFCB2203D2AD}.Release|x86.Build.0 = Release|Win32
		{41E64DC8-F155-4993-81CF-FF49025DE933}.Debug|x64.ActiveCfg = Debug|x64
		{41E64DC8-F155-4993-81CF-FF49025DE933}.Debug|x64.Build.0 = Debug|x64
		{41E64DC8-F155-4993-81CF-FF49025DE933}.Debug|x86.ActiveCfg = Debug|Win32
		{41E64DC8-F155-4993-81CF-FF49025DE933}.Debug|x86.Build.0 = Debug|Win32
		{41E64DC8-F155-4993-81CF-FF49025DE933}.Release|x64.ActiveCfg = Release|x64
		{41E64DC8-F155-4993-81CF-FF49025DE933}.Release|x64.Build.0 = Release|x64
		{41E64DC8-F155-4993-81CF-FF49025DE933}.Release|x86.ActiveCfg = Release|Win32
		{41E64DC8-F155-4993-81CF-FF49025DE933}.Release|x86.Build.0 = Release|Win32
		{701B30C9-F2CD-41D6-A429-9E6E3620E311}.Debug|x64.ActiveCfg = Debug|x64
		{701B30C9-F2CD-41D6-A429-9E6E3620E311}.Debug|x64.Build.0 = Debug|x64
		{701B30C9-F2CD-41D6-A429-9E6E3620E311}.Debug|x86.ActiveCfg = Debug|Win32
		{701B30C9-F2CD-41D6-A429-9E6E3620E311}.Debug|x86.Build.0 = Debug|Win32
		{701B30C9-F2CD-41D6-A429-9E6E3620E311}.Release|x64.ActiveCfg = Release|x64
		{701B30C9-F2CD-41D6-A429-9E6E3620E311}.Release|x64.Build.0 = Release|x64
		{701B30C9-F2CD-41D6-A429-9E6E3620E311}.Release|x86.ActiveCfg = Release|Win32
		{701B30C9-F2CD-41D6-A429-9E6E3620E311}.Release|x86.Build.0 = Release|Win32
		{515D4C53-2E31-49F3-8BC2-145D845C701D}.Debug|x64.ActiveCfg = Debug|x64
		{515D4C53-2E31-49F3-8BC2-145D845C701D}.Debug|x64.Build.0 = Debug|x64
		{515D4C53-2E31-49F3-8BC2-145D845C701D}.Debug|x86.ActiveCfg = Debug|Win32
		{515D4C53-2E31-49F3-8BC2-145D845C701D}.Debug|x86.Build.0 = Debug|Win32
		{515D4C53-2E31-49F3-8BC2-145D845C701D}.Release|x64.ActiveCfg = Release|x64
		{515D4C53-2E31-49F3-8BC2-145D845C701D}.Release|x64.Build.0 = Release|x64
		{515D4C53-2E31-49F3-8BC2-145D845C701D}.Release|x86.ActiveCfg = Release|Win32
		{515D4C53-2E31-49F3-8BC2-145D845C701D}.Release|x86.Build.0 = Release|Win32
		{7BB4E5E2-7752-4699-9562-BBD3B3754100}.Debug|x64.ActiveCfg = Debug|x64
		{7BB4E5E2-7752-4699-9562-BBD3B3754100}.Debug|x64.Build.0 = Debug|x64
		{7BB4E5E2-7752-4699-9562-BBD3B3754100}.Debug|x86.ActiveCfg = Debug|Win32
		{7BB4E5E2-7752-4699-9562-BBD3B3754100}.Debug|x86.Build.0 = Debug|Win32
		{7BB4E5E2-7752-4699-9562-BBD3B3754100}.Release|x64.ActiveCfg = Release|x64
		{7BB4E5E2-7752-4699-9562-BBD3B3754100}.Release|x64.Build.0 = Release|x64
		{7BB4E5E2-7752-4699-9562-BBD3B3754100}.Release|x86.ActiveCfg = Release|Win32
		{7BB4E5E2-7752-4699-9562-BBD3B3754100}.Release|x86.Build.0 = Release|Win32
		{124FC4F1-B748-4CB0-9283-CD8296F85627}.Debug|x64.ActiveCfg = Debug|x64
		{124FC4F1-B748-4CB0-9283-CD8296F85627}.Debug|x64.Build.0 = Debug|x64
		{124FC4F1-B748-4CB0-9283-CD8296F85627}.Debug|x86.ActiveCfg = Debug|Win32
		{124FC4F1-B748-4CB0-9283-CD8296F85627}.Debug|x86.Build.0 = Debug|Win32
		{124FC4F1-B748-4CB0-9283-CD8296F85627}.Release|x64.ActiveCfg = Release|x64
		{124FC4F1-B748-4CB0-9283-CD8296F85627}.Release|x64.Build.0 = Release|x64
		{124FC4F1-B748-4CB0-9283-CD8296F85627}.Release|x86.ActiveCfg = Release|Win32
		{124FC4F1-B748-4CB0-9283-CD8296F85627}.Release|x86.Build.0 = Release|Win32
		{32C40E45-04A9-457E-BD03-9E4FFE83FF02}.Debug|x64.ActiveCfg = Debug|x64
		{32C40E45-04A9-457E-BD03-9E4FFE83FF02}.Debug|x64.Build.0 = Debug|x64
		{32C40E45-04A9-457E-BD03-9E4FFE83FF02}.Debug|x86.ActiveCfg = Debug|Win32
		{32C40E45-04A9-457E-BD03-9E4FFE83FF02}.Debug|x86.Build.0 = Debug|Win32
		{32C40E45-04A9-457E-BD03-9E4FFE83FF02}.Release|x64.ActiveCfg = Release|x64
		{32C40E45-04A9-457E-BD03-9E4FFE83FF02}.Release|x64.Build.0 = Release|x64
		{32C40E45-04A9-457E-BD03-9E4FFE83FF02}.Release|x86.ActiveCfg = Release|Win32
		{32C40E45-04A9-457E-BD03-9E4FFE83FF02}.Release|x86.Build.0 = Release|Win32
		{3ED14D49-8E1F-4BC9-AEDD-91F36DFE48EA}.Debug|x64.ActiveCfg = Debug|x64
		{3ED14D49-8E1F-4BC9-AEDD-91F36DFE48EA}.Debug|x64.Build.0 = Debug|x64
		{3ED14D49-8E1F-4BC9-AEDD-91F36DFE48EA}.Debug|x86.ActiveCfg = Debug|Win32
		{3ED14D49-8E1F-4BC9-AEDD-91F36DFE48EA}.Debug|x86.Build.0 = Debug|Win32
		{3ED14D49-8E1F-4BC9-AEDD-91F36DFE48EA}.Release|x64.ActiveCfg = Release|x64
		{3ED14D49-8E1F-4BC9-AEDD-91F36DFE48EA}.Release|x64.Build.0 = Release|x64
		{3ED14D49-8E1F-4BC9-AEDD-91F36DFE48EA}.Release|x86.ActiveCfg = Release|Win32
		{3ED14D49-8E1F-4BC9-AEDD-91F36DFE48EA}.Release|x86.Build.0 = Release|Win32
		{9F35817C-D807-471C-ACD0-D8815F2E2BE5}.Debug|x64.ActiveCfg = Debug|x64
		{9F35817C-D807-471C-ACD0-D8815F2E2BE5}.Debug|x64.Build.0 = Debug|x64
		{9F35817C-D807-471C-ACD0-D8815F2E2BE5}.Debug|x86.ActiveCfg = Debug|Win32
		{9F35817C-D807-471C-ACD0-D8815F2E2BE5}.Debug|x86.Build.0 = Debug|Win32
		{9F35817C-D807-471C-ACD0-D8815F2E2BE5}.Release|x64.ActiveCfg = Release|x64
		{9F35817C-D807-471C-ACD0-D8815F2E2BE5}.Release|x64.Build.0 = Release|x64
		{9F35817C-D807-471C-ACD0-D8815F2E2BE5}.Release|x86.ActiveCfg = Release|Win32
		{9F35817C-D807-471C-ACD0-D8815F2E2BE5}.Release|x86.Build.0 = Release|Win32
	EndGlobalSection
	GlobalSection(SolutionProperties) = preSolution
		HideSolutionNode = FALSE
	EndGlobalSection
	GlobalSection(NestedProjects) = preSolution
		{C37461AB-C49F-47AB-B12B-A692C957F3DE} = {7F2043ED-2CE5-4B87-AE17-C136DE20DFA1}
		{C95D4394-85B6-4B21-A2E1-9289BC0C9F3A} = {7F2043ED-2CE5-4B87-AE17-C136DE20DFA1}
		{50E13FC8-519B-494C-AFFC-31E9697BD48C} = {7F2043ED-2CE5-4B87-AE17-C136DE20DFA1}
		{DCD77277-6E06-40CE-9B48-189EBDF46AE5} = {7F2043ED-2CE5-4B87-AE17-C136DE20DFA1}
		{BE83B2A4-EBFD-4CA8-B9C5-518D8F3D2756} = {7F2043ED-2CE5-4B87-AE17-C136DE20DFA1}
		{56DB0BAA-9156-4130-A13D-4E429E138E71} = {47299790-22B5-43BB-B678-2BEE33A555AE}
		{FE7D5995-DADD-461F-866C-637888545B1E} = {47299790-22B5-43BB-B678-2BEE33A555AE}
		{80253E36-D497-418D-844A-2888721D184F} = {47299790-22B5-43BB-B678-2BEE33A555AE}
		{15428BF7-5F82-4EFB-8BC5-BCFFEDC81E3D} = {47299790-22B5-43BB-B678-2BEE33A555AE}
		{1C719671-475F-4F14-B425-25106F8F871B} = {7F2043ED-2CE5-4B87-AE17-C136DE20DFA1}
		{57B027C7-A343-4C6F-9894-4BCE969CC767} = {1C719671-475F-4F14-B425-25106F8F871B}
		{F3C94BCB-0C03-4D0F-8F49-C37A038A8BBD} = {1C719671-475F-4F14-B425-25106F8F871B}
		{AFD3743A-DA6F-42BF-A6C5-1C62EC3C0555} = {1C719671-475F-4F14-B425-25106F8F871B}
		{CF2C4E83-2008-4B01-9CDE-4F46EBD77E30} = {1C719671-475F-4F14-B425-25106F8F871B}
		{C393B995-4308-40DD-807E-C72C7CCF16B9} = {1C719671-475F-4F14-B425-25106F8F871B}
		{0BF6E552-D38B-421E-BCE6-9DBC37096FCF} = {1C719671-475F-4F14-B425-25106F8F871B}
		{3A70108F-B338-4233-A0CE-91D398B91B0A} = {7B2208C9-3ED6-48FC-8745-B23EF8B46D75}
		{5E9DFFA1-A9E5-4DB9-902A-12392596DD24} = {7B2208C9-3ED6-48FC-8745-B23EF8B46D75}
		{F166F3E3-DC98-40B3-A241-94BB27714BD2} = {7B2208C9-3ED6-48FC-8745-B23EF8B46D75}
		{2B75CDE8-935E-4252-B841-F1678506995A} = {7B2208C9-3ED6-48FC-8745-B23EF8B46D75}
		{BDB571B8-8342-4113-8B88-CC49BAF0BF33} = {7B2208C9-3ED6-48FC-8745-B23EF8B46D75}
		{2A35F1E7-80B3-42DB-884A-903B196088E9} = {7B2208C9-3ED6-48FC-8745-B23EF8B46D75}
		{B863D8DB-62C1-4558-8975-FE72AD108C6C} = {8CFB3697-099B-4CC7-8B8B-221D17801F3B}
		{24B9409F-29B3-4479-9AE8-75C0F7EDA57C} = {8CFB3697-099B-4CC7-8B8B-221D17801F3B}
		{3F4265DB-558A-435B-8961-4E6C008B4EBA} = {8CFB3697-099B-4CC7-8B8B-221D17801F3B}
		{95CB8ECE-1710-4364-B158-7B167B815F27} = {8CFB3697-099B-4CC7-8B8B-221D17801F3B}
		{91BD5CD6-8EBC-4B62-8784-2AA4AB013E0A} = {8CFB3697-099B-4CC7-8B8B-221D17801F3B}
		{3D9EA750-D7D9-4DB5-B644-93C93CA79361} = {8CFB3697-099B-4CC7-8B8B-221D17801F3B}
		{BCE03602-5AEC-403A-8FCC-9C1ABDFB9494} = {8CFB3697-099B-4CC7-8B8B-221D17801F3B}
		{CC3AB044-F864-4FD9-BFFD-092EFDCF5144} = {896DD669-95BE-42C8-866F-3ACB23F2D713}
		{A9933C1A-7063-461A-B7DA-1B2CE019F337} = {896DD669-95BE-42C8-866F-3ACB23F2D713}
		{C5150A84-B85A-4C27-B639-05272235B32D} = {3D3EC4CE-7B66-425F-8029-CADB04BC59BA}
		{2B3B8820-C9DB-436D-9292-7C82F2BE07CE} = {3D3EC4CE-7B66-425F-8029-CADB04BC59BA}
		{09F2F2AC-9410-4FC6-AD17-A277D595CE65} = {3D3EC4CE-7B66-425F-8029-CADB04BC59BA}
		{8837AA7B-20C7-480E-9C40-F3B80E4D9467} = {3D3EC4CE-7B66-425F-8029-CADB04BC59BA}
		{9AF92B42-77C3-425E-A34B-1E2916A4E220} = {3D3EC4CE-7B66-425F-8029-CADB04BC59BA}
		{5078F047-E6A5-4DA2-A205-FCF268277DFF} = {3D3EC4CE-7B66-425F-8029-CADB04BC59BA}
		{227391F2-B1E1-4003-8F45-6C04998E810D} = {3D3EC4CE-7B66-425F-8029-CADB04BC59BA}
		{06AB3604-8A1E-4645-9121-C3BC5113E56B} = {3D3EC4CE-7B66-425F-8029-CADB04BC59BA}
		{93140B08-9F4D-4059-895B-ADAAD2BDC881} = {3D3EC4CE-7B66-425F-8029-CADB04BC59BA}
		{CA4CB22C-D5FD-4570-BFDD-414AEC482CD1} = {3D3EC4CE-7B66-425F-8029-CADB04BC59BA}
		{37B54B9C-BBCA-4E6F-8B9C-62532B3A69E5} = {3D3EC4CE-7B66-425F-8029-CADB04BC59BA}
		{5B28EB32-C883-421B-8130-ED559B0C18D9} = {0B9E75F6-C4D2-4E7D-AF16-A537A86B3C18}
		{C5811FDA-0EA5-4682-8912-76003ACF8D54} = {0B9E75F6-C4D2-4E7D-AF16-A537A86B3C18}
		{D6302F2F-EB8B-420A-9F6E-994C05A58E6B} = {0B9E75F6-C4D2-4E7D-AF16-A537A86B3C18}
		{B3C5FC0E-B290-4009-AF0F-705AA843D9FD} = {0B9E75F6-C4D2-4E7D-AF16-A537A86B3C18}
		{C517887F-5DF8-4FF4-81ED-1B0FC9C67877} = {FAEF8118-1512-4F4C-B11D-A49923A40B80}
		{1E4E827D-E0DE-4A9E-A293-7BE028B14F9C} = {FAEF8118-1512-4F4C-B11D-A49923A40B80}
		{064CBAFB-C8C2-435B-8E17-FE2C8406F5FB} = {FAEF8118-1512-4F4C-B11D-A49923A40B80}
		{F1B8662E-A2DB-4B60-9542-A89BDCD958B2} = {FAEF8118-1512-4F4C-B11D-A49923A40B80}
		{0A779E25-D1C1-4771-8793-3EF007D61789} = {E0ECBD18-1701-4B85-8B29-5F2DCE2E2D8D}
		{062A77FE-6192-4D2F-A14E-BB614FE471D5} = {E0ECBD18-1701-4B85-8B29-5F2DCE2E2D8D}
		{37F6C8B8-1342-4A0C-AAB6-EAEA2BE9DE9D} = {E0ECBD18-1701-4B85-8B29-5F2DCE2E2D8D}
		{D026E04E-4DB1-417F-A581-FBC6F3C03AD2} = {B664C827-ED6D-4B93-9221-2D75A00FC37F}
		{E6D2FC18-D432-44BD-B709-195BAD1051A8} = {B664C827-ED6D-4B93-9221-2D75A00FC37F}
		{82370317-CAC5-45CA-B241-8DE5B27BBCC4} = {3B664CEF-272E-4E5B-A781-59B381B9D173}
		{45114B7E-1104-42F8-9FDC-6B8AFCB3A79F} = {3B664CEF-272E-4E5B-A781-59B381B9D173}
		{3132A8E0-0581-436E-9231-E7AE591BB7BD} = {3C461CAD-F460-4FA6-944C-2AB047D75942}
		{BDA063CB-911E-4471-9235-979FD5BFB760} = {B637AB06-71C7-4C5D-84ED-285A4C119257}
		{7742CFA1-59AB-46A9-9ECE-C4840E7DC595} = {B637AB06-71C7-4C5D-84ED-285A4C119257}
		{F57D0EE1-1ADF-42D9-99AD-06D4A41BE283} = {46540B03-A42B-44C2-A150-DF07975A5FB6}
		{33EC76DF-3A5C-496F-BAFB-C4B74CED9C05} = {8CFBAD07-5E33-4E53-BA9F-12AB83AEF7BE}
		{94BDC2C1-B947-4652-A005-25B3F7D70A2A} = {8CFBAD07-5E33-4E53-BA9F-12AB83AEF7BE}
		{778A853D-0920-4CA4-A1A3-BFCB2203D2AD} = {8CFBAD07-5E33-4E53-BA9F-12AB83AEF7BE}
		{41E64DC8-F155-4993-81CF-FF49025DE933} = {8CFBAD07-5E33-4E53-BA9F-12AB83AEF7BE}
		{701B30C9-F2CD-41D6-A429-9E6E3620E311} = {4D22EC56-4C77-438E-863C-B8250CFF8697}
		{515D4C53-2E31-49F3-8BC2-145D845C701D} = {4D22EC56-4C77-438E-863C-B8250CFF8697}
		{7BB4E5E2-7752-4699-9562-BBD3B3754100} = {4D22EC56-4C77-438E-863C-B8250CFF8697}
		{124FC4F1-B748-4CB0-9283-CD8296F85627} = {45D7238B-2926-4FFB-8B38-64DBAE2132B3}
		{32C40E45-04A9-457E-BD03-9E4FFE83FF02} = {C6A648D4-3925-47B2-82E4-E35882F0DC1C}
		{3ED14D49-8E1F-4BC9-AEDD-91F36DFE48EA} = {C6A648D4-3925-47B2-82E4-E35882F0DC1C}
		{9F35817C-D807-471C-ACD0-D8815F2E2BE5} = {49E7FC06-F2DC-48D7-A12B-4642472C98AF}
	EndGlobalSection
	GlobalSection(ExtensibilityGlobals) = postSolution
		SolutionGuid = {84522C37-8DC0-4A05-9510-6E2740C5162A}
	EndGlobalSection
EndGlobal
